// !$*UTF8*$!
{
	archiveVersion = 1;
	classes = {
	};
	objectVersion = 50;
	objects = {

/* Begin PBXBuildFile section */
		50723FFF26E4B0F900A6926C /* AppDelegate.swift in Sources */ = {isa = PBXBuildFile; fileRef = 50723FFE26E4B0F900A6926C /* AppDelegate.swift */; };
		5072400126E4B0F900A6926C /* SceneDelegate.swift in Sources */ = {isa = PBXBuildFile; fileRef = 5072400026E4B0F900A6926C /* SceneDelegate.swift */; };
		5072400326E4B0F900A6926C /* ViewController.swift in Sources */ = {isa = PBXBuildFile; fileRef = 5072400226E4B0F900A6926C /* ViewController.swift */; };
		5072400626E4B0F900A6926C /* Main.storyboard in Resources */ = {isa = PBXBuildFile; fileRef = 5072400426E4B0F900A6926C /* Main.storyboard */; };
		5072400826E4B0FB00A6926C /* Assets.xcassets in Resources */ = {isa = PBXBuildFile; fileRef = 5072400726E4B0FB00A6926C /* Assets.xcassets */; };
		5072400B26E4B0FB00A6926C /* LaunchScreen.storyboard in Resources */ = {isa = PBXBuildFile; fileRef = 5072400926E4B0FB00A6926C /* LaunchScreen.storyboard */; };
/* End PBXBuildFile section */

/* Begin PBXFileReference section */
		50723FFB26E4B0F900A6926C /* Chapter31_DynamicallyUpdatingAUIStackView.app */ = {isa = PBXFileReference; explicitFileType = wrapper.application; includeInIndex = 0; path = Chapter31_DynamicallyUpdatingAUIStackView.app; sourceTree = BUILT_PRODUCTS_DIR; };
		50723FFE26E4B0F900A6926C /* AppDelegate.swift */ = {isa = PBXFileReference; lastKnownFileType = sourcecode.swift; path = AppDelegate.swift; sourceTree = "<group>"; };
		5072400026E4B0F900A6926C /* SceneDelegate.swift */ = {isa = PBXFileReference; lastKnownFileType = sourcecode.swift; path = SceneDelegate.swift; sourceTree = "<group>"; };
		5072400226E4B0F900A6926C /* ViewController.swift */ = {isa = PBXFileReference; lastKnownFileType = sourcecode.swift; path = ViewController.swift; sourceTree = "<group>"; };
		5072400526E4B0F900A6926C /* Base */ = {isa = PBXFileReference; lastKnownFileType = file.storyboard; name = Base; path = Base.lproj/Main.storyboard; sourceTree = "<group>"; };
		5072400726E4B0FB00A6926C /* Assets.xcassets */ = {isa = PBXFileReference; lastKnownFileType = folder.assetcatalog; path = Assets.xcassets; sourceTree = "<group>"; };
		5072400A26E4B0FB00A6926C /* Base */ = {isa = PBXFileReference; lastKnownFileType = file.storyboard; name = Base; path = Base.lproj/LaunchScreen.storyboard; sourceTree = "<group>"; };
		5072400C26E4B0FB00A6926C /* Info.plist */ = {isa = PBXFileReference; lastKnownFileType = text.plist.xml; path = Info.plist; sourceTree = "<group>"; };
/* End PBXFileReference section */

/* Begin PBXFrameworksBuildPhase section */
		50723FF826E4B0F900A6926C /* Frameworks */ = {
			isa = PBXFrameworksBuildPhase;
			buildActionMask = 2147483647;
			files = (
			);
			runOnlyForDeploymentPostprocessing = 0;
		};
/* End PBXFrameworksBuildPhase section */

/* Begin PBXGroup section */
		50723FF226E4B0F900A6926C = {
			isa = PBXGroup;
			children = (
				50723FFD26E4B0F900A6926C /* Chapter31_DynamicallyUpdatingAUIStackView */,
				50723FFC26E4B0F900A6926C /* Products */,
			);
			sourceTree = "<group>";
		};
		50723FFC26E4B0F900A6926C /* Products */ = {
			isa = PBXGroup;
			children = (
				50723FFB26E4B0F900A6926C /* Chapter31_DynamicallyUpdatingAUIStackView.app */,
			);
			name = Products;
			sourceTree = "<group>";
		};
		50723FFD26E4B0F900A6926C /* Chapter31_DynamicallyUpdatingAUIStackView */ = {
			isa = PBXGroup;
			children = (
				50723FFE26E4B0F900A6926C /* AppDelegate.swift */,
				5072400026E4B0F900A6926C /* SceneDelegate.swift */,
				5072400226E4B0F900A6926C /* ViewController.swift */,
				5072400426E4B0F900A6926C /* Main.storyboard */,
				5072400726E4B0FB00A6926C /* Assets.xcassets */,
				5072400926E4B0FB00A6926C /* LaunchScreen.storyboard */,
				5072400C26E4B0FB00A6926C /* Info.plist */,
			);
			path = Chapter31_DynamicallyUpdatingAUIStackView;
			sourceTree = "<group>";
		};
/* End PBXGroup section */

/* Begin PBXNativeTarget section */
		50723FFA26E4B0F900A6926C /* Chapter31_DynamicallyUpdatingAUIStackView */ = {
			isa = PBXNativeTarget;
			buildConfigurationList = 5072400F26E4B0FB00A6926C /* Build configuration list for PBXNativeTarget "Chapter31_DynamicallyUpdatingAUIStackView" */;
			buildPhases = (
				50723FF726E4B0F900A6926C /* Sources */,
				50723FF826E4B0F900A6926C /* Frameworks */,
				50723FF926E4B0F900A6926C /* Resources */,
			);
			buildRules = (
			);
			dependencies = (
			);
			name = Chapter31_DynamicallyUpdatingAUIStackView;
			productName = Chapter31_DynamicallyUpdatingAUIStackView;
			productReference = 50723FFB26E4B0F900A6926C /* Chapter31_DynamicallyUpdatingAUIStackView.app */;
			productType = "com.apple.product-type.application";
		};
/* End PBXNativeTarget section */

/* Begin PBXProject section */
		50723FF326E4B0F900A6926C /* Project object */ = {
			isa = PBXProject;
			attributes = {
				LastSwiftUpdateCheck = 1250;
				LastUpgradeCheck = 1250;
				TargetAttributes = {
					50723FFA26E4B0F900A6926C = {
						CreatedOnToolsVersion = 12.5.1;
					};
				};
			};
			buildConfigurationList = 50723FF626E4B0F900A6926C /* Build configuration list for PBXProject "Chapter31_DynamicallyUpdatingAUIStackView" */;
			compatibilityVersion = "Xcode 9.3";
			developmentRegion = en;
			hasScannedForEncodings = 0;
			knownRegions = (
				en,
				Base,
			);
			mainGroup = 50723FF226E4B0F900A6926C;
			productRefGroup = 50723FFC26E4B0F900A6926C /* Products */;
			projectDirPath = "";
			projectRoot = "";
			targets = (
				50723FFA26E4B0F900A6926C /* Chapter31_DynamicallyUpdatingAUIStackView */,
			);
		};
/* End PBXProject section */

/* Begin PBXResourcesBuildPhase section */
		50723FF926E4B0F900A6926C /* Resources */ = {
			isa = PBXResourcesBuildPhase;
			buildActionMask = 2147483647;
			files = (
				5072400B26E4B0FB00A6926C /* LaunchScreen.storyboard in Resources */,
				5072400826E4B0FB00A6926C /* Assets.xcassets in Resources */,
				5072400626E4B0F900A6926C /* Main.storyboard in Resources */,
			);
			runOnlyForDeploymentPostprocessing = 0;
		};
/* End PBXResourcesBuildPhase section */

/* Begin PBXSourcesBuildPhase section */
		50723FF726E4B0F900A6926C /* Sources */ = {
			isa = PBXSourcesBuildPhase;
			buildActionMask = 2147483647;
			files = (
				5072400326E4B0F900A6926C /* ViewController.swift in Sources */,
				50723FFF26E4B0F900A6926C /* AppDelegate.swift in Sources */,
				5072400126E4B0F900A6926C /* SceneDelegate.swift in Sources */,
			);
			runOnlyForDeploymentPostprocessing = 0;
		};
/* End PBXSourcesBuildPhase section */

/* Begin PBXVariantGroup section */
		5072400426E4B0F900A6926C /* Main.storyboard */ = {
			isa = PBXVariantGroup;
			children = (
				5072400526E4B0F900A6926C /* Base */,
			);
			name = Main.storyboard;
			sourceTree = "<group>";
		};
		5072400926E4B0FB00A6926C /* LaunchScreen.storyboard */ = {
			isa = PBXVariantGroup;
			children = (
				5072400A26E4B0FB00A6926C /* Base */,
			);
			name = LaunchScreen.storyboard;
			sourceTree = "<group>";
		};
/* End PBXVariantGroup section */

/* Begin XCBuildConfiguration section */
		5072400D26E4B0FB00A6926C /* Debug */ = {
			isa = XCBuildConfiguration;
			buildSettings = {
				ALWAYS_SEARCH_USER_PATHS = NO;
				CLANG_ANALYZER_NONNULL = YES;
				CLANG_ANALYZER_NUMBER_OBJECT_CONVERSION = YES_AGGRESSIVE;
				CLANG_CXX_LANGUAGE_STANDARD = "gnu++14";
				CLANG_CXX_LIBRARY = "libc++";
				CLANG_ENABLE_MODULES = YES;
				CLANG_ENABLE_OBJC_ARC = YES;
				CLANG_ENABLE_OBJC_WEAK = YES;
				CLANG_WARN_BLOCK_CAPTURE_AUTORELEASING = YES;
				CLANG_WARN_BOOL_CONVERSION = YES;
				CLANG_WARN_COMMA = YES;
				CLANG_WARN_CONSTANT_CONVERSION = YES;
				CLANG_WARN_DEPRECATED_OBJC_IMPLEMENTATIONS = YES;
				CLANG_WARN_DIRECT_OBJC_ISA_USAGE = YES_ERROR;
				CLANG_WARN_DOCUMENTATION_COMMENTS = YES;
				CLANG_WARN_EMPTY_BODY = YES;
				CLANG_WARN_ENUM_CONVERSION = YES;
				CLANG_WARN_INFINITE_RECURSION = YES;
				CLANG_WARN_INT_CONVERSION = YES;
				CLANG_WARN_NON_LITERAL_NULL_CONVERSION = YES;
				CLANG_WARN_OBJC_IMPLICIT_RETAIN_SELF = YES;
				CLANG_WARN_OBJC_LITERAL_CONVERSION = YES;
				CLANG_WARN_OBJC_ROOT_CLASS = YES_ERROR;
				CLANG_WARN_QUOTED_INCLUDE_IN_FRAMEWORK_HEADER = YES;
				CLANG_WARN_RANGE_LOOP_ANALYSIS = YES;
				CLANG_WARN_STRICT_PROTOTYPES = YES;
				CLANG_WARN_SUSPICIOUS_MOVE = YES;
				CLANG_WARN_UNGUARDED_AVAILABILITY = YES_AGGRESSIVE;
				CLANG_WARN_UNREACHABLE_CODE = YES;
				CLANG_WARN__DUPLICATE_METHOD_MATCH = YES;
				COPY_PHASE_STRIP = NO;
				DEBUG_INFORMATION_FORMAT = dwarf;
				ENABLE_STRICT_OBJC_MSGSEND = YES;
				ENABLE_TESTABILITY = YES;
				GCC_C_LANGUAGE_STANDARD = gnu11;
				GCC_DYNAMIC_NO_PIC = NO;
				GCC_NO_COMMON_BLOCKS = YES;
				GCC_OPTIMIZATION_LEVEL = 0;
				GCC_PREPROCESSOR_DEFINITIONS = (
					"DEBUG=1",
					"$(inherited)",
				);
				GCC_WARN_64_TO_32_BIT_CONVERSION = YES;
				GCC_WARN_ABOUT_RETURN_TYPE = YES_ERROR;
				GCC_WARN_UNDECLARED_SELECTOR = YES;
				GCC_WARN_UNINITIALIZED_AUTOS = YES_AGGRESSIVE;
				GCC_WARN_UNUSED_FUNCTION = YES;
				GCC_WARN_UNUSED_VARIABLE = YES;
				IPHONEOS_DEPLOYMENT_TARGET = 14.5;
				MTL_ENABLE_DEBUG_INFO = INCLUDE_SOURCE;
				MTL_FAST_MATH = YES;
				ONLY_ACTIVE_ARCH = YES;
				SDKROOT = iphoneos;
				SWIFT_ACTIVE_COMPILATION_CONDITIONS = DEBUG;
				SWIFT_OPTIMIZATION_LEVEL = "-Onone";
			};
			name = Debug;
		};
		5072400E26E4B0FB00A6926C /* Release */ = {
			isa = XCBuildConfiguration;
			buildSettings = {
				ALWAYS_SEARCH_USER_PATHS = NO;
				CLANG_ANALYZER_NONNULL = YES;
				CLANG_ANALYZER_NUMBER_OBJECT_CONVERSION = YES_AGGRESSIVE;
				CLANG_CXX_LANGUAGE_STANDARD = "gnu++14";
				CLANG_CXX_LIBRARY = "libc++";
				CLANG_ENABLE_MODULES = YES;
				CLANG_ENABLE_OBJC_ARC = YES;
				CLANG_ENABLE_OBJC_WEAK = YES;
				CLANG_WARN_BLOCK_CAPTURE_AUTORELEASING = YES;
				CLANG_WARN_BOOL_CONVERSION = YES;
				CLANG_WARN_COMMA = YES;
				CLANG_WARN_CONSTANT_CONVERSION = YES;
				CLANG_WARN_DEPRECATED_OBJC_IMPLEMENTATIONS = YES;
				CLANG_WARN_DIRECT_OBJC_ISA_USAGE = YES_ERROR;
				CLANG_WARN_DOCUMENTATION_COMMENTS = YES;
				CLANG_WARN_EMPTY_BODY = YES;
				CLANG_WARN_ENUM_CONVERSION = YES;
				CLANG_WARN_INFINITE_RECURSION = YES;
				CLANG_WARN_INT_CONVERSION = YES;
				CLANG_WARN_NON_LITERAL_NULL_CONVERSION = YES;
				CLANG_WARN_OBJC_IMPLICIT_RETAIN_SELF = YES;
				CLANG_WARN_OBJC_LITERAL_CONVERSION = YES;
				CLANG_WARN_OBJC_ROOT_CLASS = YES_ERROR;
				CLANG_WARN_QUOTED_INCLUDE_IN_FRAMEWORK_HEADER = YES;
				CLANG_WARN_RANGE_LOOP_ANALYSIS = YES;
				CLANG_WARN_STRICT_PROTOTYPES = YES;
				CLANG_WARN_SUSPICIOUS_MOVE = YES;
				CLANG_WARN_UNGUARDED_AVAILABILITY = YES_AGGRESSIVE;
				CLANG_WARN_UNREACHABLE_CODE = YES;
				CLANG_WARN__DUPLICATE_METHOD_MATCH = YES;
				COPY_PHASE_STRIP = NO;
				DEBUG_INFORMATION_FORMAT = "dwarf-with-dsym";
				ENABLE_NS_ASSERTIONS = NO;
				ENABLE_STRICT_OBJC_MSGSEND = YES;
				GCC_C_LANGUAGE_STANDARD = gnu11;
				GCC_NO_COMMON_BLOCKS = YES;
				GCC_WARN_64_TO_32_BIT_CONVERSION = YES;
				GCC_WARN_ABOUT_RETURN_TYPE = YES_ERROR;
				GCC_WARN_UNDECLARED_SELECTOR = YES;
				GCC_WARN_UNINITIALIZED_AUTOS = YES_AGGRESSIVE;
				GCC_WARN_UNUSED_FUNCTION = YES;
				GCC_WARN_UNUSED_VARIABLE = YES;
				IPHONEOS_DEPLOYMENT_TARGET = 14.5;
				MTL_ENABLE_DEBUG_INFO = NO;
				MTL_FAST_MATH = YES;
				SDKROOT = iphoneos;
				SWIFT_COMPILATION_MODE = wholemodule;
				SWIFT_OPTIMIZATION_LEVEL = "-O";
				VALIDATE_PRODUCT = YES;
			};
			name = Release;
		};
		5072401026E4B0FB00A6926C /* Debug */ = {
			isa = XCBuildConfiguration;
			buildSettings = {
				ASSETCATALOG_COMPILER_APPICON_NAME = AppIcon;
				ASSETCATALOG_COMPILER_GLOBAL_ACCENT_COLOR_NAME = AccentColor;
				CODE_SIGN_STYLE = Automatic;
				INFOPLIST_FILE = Chapter31_DynamicallyUpdatingAUIStackView/Info.plist;
				LD_RUNPATH_SEARCH_PATHS = (
					"$(inherited)",
					"@executable_path/Frameworks",
				);
				PRODUCT_BUNDLE_IDENTIFIER = "com.google.rt-konabe.Chapter31-DynamicallyUpdatingAUIStackView";
				PRODUCT_NAME = "$(TARGET_NAME)";
				SWIFT_VERSION = 5.0;
				TARGETED_DEVICE_FAMILY = "1,2";
			};
			name = Debug;
		};
		5072401126E4B0FB00A6926C /* Release */ = {
			isa = XCBuildConfiguration;
			buildSettings = {
				ASSETCATALOG_COMPILER_APPICON_NAME = AppIcon;
				ASSETCATALOG_COMPILER_GLOBAL_ACCENT_COLOR_NAME = AccentColor;
				CODE_SIGN_STYLE = Automatic;
				INFOPLIST_FILE = Chapter31_DynamicallyUpdatingAUIStackView/Info.plist;
				LD_RUNPATH_SEARCH_PATHS = (
					"$(inherited)",
					"@executable_path/Frameworks",
				);
				PRODUCT_BUNDLE_IDENTIFIER = "com.google.rt-konabe.Chapter31-DynamicallyUpdatingAUIStackView";
				PRODUCT_NAME = "$(TARGET_NAME)";
				SWIFT_VERSION = 5.0;
				TARGETED_DEVICE_FAMILY = "1,2";
			};
			name = Release;
		};
/* End XCBuildConfiguration section */

/* Begin XCConfigurationList section */
		50723FF626E4B0F900A6926C /* Build configuration list for PBXProject "Chapter31_DynamicallyUpdatingAUIStackView" */ = {
			isa = XCConfigurationList;
			buildConfigurations = (
				5072400D26E4B0FB00A6926C /* Debug */,
				5072400E26E4B0FB00A6926C /* Release */,
			);
			defaultConfigurationIsVisible = 0;
			defaultConfigurationName = Release;
		};
		5072400F26E4B0FB00A6926C /* Build configuration list for PBXNativeTarget "Chapter31_DynamicallyUpdatingAUIStackView" */ = {
			isa = XCConfigurationList;
			buildConfigurations = (
				5072401026E4B0FB00A6926C /* Debug */,
				5072401126E4B0FB00A6926C /* Release */,
			);
			defaultConfigurationIsVisible = 0;
			defaultConfigurationName = Release;
		};
/* End XCConfigurationList section */
	};
	rootObject = 50723FF326E4B0F900A6926C /* Project object */;
}
