// !$*UTF8*$!
{
	archiveVersion = 1;
	classes = {
	};
	objectVersion = 50;
	objects = {

/* Begin PBXBuildFile section */
		502E30A426E77D8100303AA2 /* AppDelegate.swift in Sources */ = {isa = PBXBuildFile; fileRef = 502E30A326E77D8100303AA2 /* AppDelegate.swift */; };
		502E30A626E77D8100303AA2 /* SceneDelegate.swift in Sources */ = {isa = PBXBuildFile; fileRef = 502E30A526E77D8100303AA2 /* SceneDelegate.swift */; };
		502E30AD26E77D8500303AA2 /* Assets.xcassets in Resources */ = {isa = PBXBuildFile; fileRef = 502E30AC26E77D8500303AA2 /* Assets.xcassets */; };
		502E30B026E77D8500303AA2 /* LaunchScreen.storyboard in Resources */ = {isa = PBXBuildFile; fileRef = 502E30AE26E77D8500303AA2 /* LaunchScreen.storyboard */; };
		502E30B826E77D9D00303AA2 /* ViewController.swift in Sources */ = {isa = PBXBuildFile; fileRef = 502E30B726E77D9D00303AA2 /* ViewController.swift */; };
		502E30BA26E77DAE00303AA2 /* Main.storyboard in Resources */ = {isa = PBXBuildFile; fileRef = 502E30B926E77DAE00303AA2 /* Main.storyboard */; };
/* End PBXBuildFile section */

/* Begin PBXFileReference section */
		502E30A026E77D8100303AA2 /* Chapter32_UIScrollViewWithStackViewChild.app */ = {isa = PBXFileReference; explicitFileType = wrapper.application; includeInIndex = 0; path = Chapter32_UIScrollViewWithStackViewChild.app; sourceTree = BUILT_PRODUCTS_DIR; };
		502E30A326E77D8100303AA2 /* AppDelegate.swift */ = {isa = PBXFileReference; lastKnownFileType = sourcecode.swift; path = AppDelegate.swift; sourceTree = "<group>"; };
		502E30A526E77D8100303AA2 /* SceneDelegate.swift */ = {isa = PBXFileReference; lastKnownFileType = sourcecode.swift; path = SceneDelegate.swift; sourceTree = "<group>"; };
		502E30AC26E77D8500303AA2 /* Assets.xcassets */ = {isa = PBXFileReference; lastKnownFileType = folder.assetcatalog; path = Assets.xcassets; sourceTree = "<group>"; };
		502E30AF26E77D8500303AA2 /* Base */ = {isa = PBXFileReference; lastKnownFileType = file.storyboard; name = Base; path = Base.lproj/LaunchScreen.storyboard; sourceTree = "<group>"; };
		502E30B126E77D8500303AA2 /* Info.plist */ = {isa = PBXFileReference; lastKnownFileType = text.plist.xml; path = Info.plist; sourceTree = "<group>"; };
		502E30B726E77D9D00303AA2 /* ViewController.swift */ = {isa = PBXFileReference; fileEncoding = 4; lastKnownFileType = sourcecode.swift; name = ViewController.swift; path = ../../../../Desktop/Chapter32_UIScrollViewWithStackViewChild/Chapter32_UIScrollViewWithStackViewChild/ViewController.swift; sourceTree = "<group>"; };
		502E30B926E77DAE00303AA2 /* Main.storyboard */ = {isa = PBXFileReference; fileEncoding = 4; lastKnownFileType = file.storyboard; path = Main.storyboard; sourceTree = "<group>"; };
/* End PBXFileReference section */

/* Begin PBXFrameworksBuildPhase section */
		502E309D26E77D8100303AA2 /* Frameworks */ = {
			isa = PBXFrameworksBuildPhase;
			buildActionMask = 2147483647;
			files = (
			);
			runOnlyForDeploymentPostprocessing = 0;
		};
/* End PBXFrameworksBuildPhase section */

/* Begin PBXGroup section */
		502E309726E77D8100303AA2 = {
			isa = PBXGroup;
			children = (
				502E30A226E77D8100303AA2 /* Chapter32_UIScrollViewWithStackViewChild */,
				502E30A126E77D8100303AA2 /* Products */,
			);
			sourceTree = "<group>";
		};
		502E30A126E77D8100303AA2 /* Products */ = {
			isa = PBXGroup;
			children = (
				502E30A026E77D8100303AA2 /* Chapter32_UIScrollViewWithStackViewChild.app */,
			);
			name = Products;
			sourceTree = "<group>";
		};
		502E30A226E77D8100303AA2 /* Chapter32_UIScrollViewWithStackViewChild */ = {
			isa = PBXGroup;
			children = (
				502E30A326E77D8100303AA2 /* AppDelegate.swift */,
				502E30A526E77D8100303AA2 /* SceneDelegate.swift */,
				502E30B726E77D9D00303AA2 /* ViewController.swift */,
				502E30B926E77DAE00303AA2 /* Main.storyboard */,
				502E30AC26E77D8500303AA2 /* Assets.xcassets */,
				502E30AE26E77D8500303AA2 /* LaunchScreen.storyboard */,
				502E30B126E77D8500303AA2 /* Info.plist */,
			);
			path = Chapter32_UIScrollViewWithStackViewChild;
			sourceTree = "<group>";
		};
/* End PBXGroup section */

/* Begin PBXNativeTarget section */
		502E309F26E77D8100303AA2 /* Chapter32_UIScrollViewWithStackViewChild */ = {
			isa = PBXNativeTarget;
			buildConfigurationList = 502E30B426E77D8500303AA2 /* Build configuration list for PBXNativeTarget "Chapter32_UIScrollViewWithStackViewChild" */;
			buildPhases = (
				502E309C26E77D8100303AA2 /* Sources */,
				502E309D26E77D8100303AA2 /* Frameworks */,
				502E309E26E77D8100303AA2 /* Resources */,
			);
			buildRules = (
			);
			dependencies = (
			);
			name = Chapter32_UIScrollViewWithStackViewChild;
			productName = Chapter32_UIScrollViewWithStackViewChild;
			productReference = 502E30A026E77D8100303AA2 /* Chapter32_UIScrollViewWithStackViewChild.app */;
			productType = "com.apple.product-type.application";
		};
/* End PBXNativeTarget section */

/* Begin PBXProject section */
		502E309826E77D8100303AA2 /* Project object */ = {
			isa = PBXProject;
			attributes = {
				LastSwiftUpdateCheck = 1250;
				LastUpgradeCheck = 1250;
				TargetAttributes = {
					502E309F26E77D8100303AA2 = {
						CreatedOnToolsVersion = 12.5.1;
					};
				};
			};
			buildConfigurationList = 502E309B26E77D8100303AA2 /* Build configuration list for PBXProject "Chapter32_UIScrollViewWithStackViewChild" */;
			compatibilityVersion = "Xcode 9.3";
			developmentRegion = en;
			hasScannedForEncodings = 0;
			knownRegions = (
				en,
				Base,
			);
			mainGroup = 502E309726E77D8100303AA2;
			productRefGroup = 502E30A126E77D8100303AA2 /* Products */;
			projectDirPath = "";
			projectRoot = "";
			targets = (
				502E309F26E77D8100303AA2 /* Chapter32_UIScrollViewWithStackViewChild */,
			);
		};
/* End PBXProject section */

/* Begin PBXResourcesBuildPhase section */
		502E309E26E77D8100303AA2 /* Resources */ = {
			isa = PBXResourcesBuildPhase;
			buildActionMask = 2147483647;
			files = (
				502E30B026E77D8500303AA2 /* LaunchScreen.storyboard in Resources */,
				502E30AD26E77D8500303AA2 /* Assets.xcassets in Resources */,
				502E30BA26E77DAE00303AA2 /* Main.storyboard in Resources */,
			);
			runOnlyForDeploymentPostprocessing = 0;
		};
/* End PBXResourcesBuildPhase section */

/* Begin PBXSourcesBuildPhase section */
		502E309C26E77D8100303AA2 /* Sources */ = {
			isa = PBXSourcesBuildPhase;
			buildActionMask = 2147483647;
			files = (
				502E30A426E77D8100303AA2 /* AppDelegate.swift in Sources */,
				502E30B826E77D9D00303AA2 /* ViewController.swift in Sources */,
				502E30A626E77D8100303AA2 /* SceneDelegate.swift in Sources */,
			);
			runOnlyForDeploymentPostprocessing = 0;
		};
/* End PBXSourcesBuildPhase section */

/* Begin PBXVariantGroup section */
		502E30AE26E77D8500303AA2 /* LaunchScreen.storyboard */ = {
			isa = PBXVariantGroup;
			children = (
				502E30AF26E77D8500303AA2 /* Base */,
			);
			name = LaunchScreen.storyboard;
			sourceTree = "<group>";
		};
/* End PBXVariantGroup section */

/* Begin XCBuildConfiguration section */
		502E30B226E77D8500303AA2 /* Debug */ = {
			isa = XCBuildConfiguration;
			buildSettings = {
				ALWAYS_SEARCH_USER_PATHS = NO;
				CLANG_ANALYZER_NONNULL = YES;
				CLANG_ANALYZER_NUMBER_OBJECT_CONVERSION = YES_AGGRESSIVE;
				CLANG_CXX_LANGUAGE_STANDARD = "gnu++14";
				CLANG_CXX_LIBRARY = "libc++";
				CLANG_ENABLE_MODULES = YES;
				CLANG_ENABLE_OBJC_ARC = YES;
				CLANG_ENABLE_OBJC_WEAK = YES;
				CLANG_WARN_BLOCK_CAPTURE_AUTORELEASING = YES;
				CLANG_WARN_BOOL_CONVERSION = YES;
				CLANG_WARN_COMMA = YES;
				CLANG_WARN_CONSTANT_CONVERSION = YES;
				CLANG_WARN_DEPRECATED_OBJC_IMPLEMENTATIONS = YES;
				CLANG_WARN_DIRECT_OBJC_ISA_USAGE = YES_ERROR;
				CLANG_WARN_DOCUMENTATION_COMMENTS = YES;
				CLANG_WARN_EMPTY_BODY = YES;
				CLANG_WARN_ENUM_CONVERSION = YES;
				CLANG_WARN_INFINITE_RECURSION = YES;
				CLANG_WARN_INT_CONVERSION = YES;
				CLANG_WARN_NON_LITERAL_NULL_CONVERSION = YES;
				CLANG_WARN_OBJC_IMPLICIT_RETAIN_SELF = YES;
				CLANG_WARN_OBJC_LITERAL_CONVERSION = YES;
				CLANG_WARN_OBJC_ROOT_CLASS = YES_ERROR;
				CLANG_WARN_QUOTED_INCLUDE_IN_FRAMEWORK_HEADER = YES;
				CLANG_WARN_RANGE_LOOP_ANALYSIS = YES;
				CLANG_WARN_STRICT_PROTOTYPES = YES;
				CLANG_WARN_SUSPICIOUS_MOVE = YES;
				CLANG_WARN_UNGUARDED_AVAILABILITY = YES_AGGRESSIVE;
				CLANG_WARN_UNREACHABLE_CODE = YES;
				CLANG_WARN__DUPLICATE_METHOD_MATCH = YES;
				COPY_PHASE_STRIP = NO;
				DEBUG_INFORMATION_FORMAT = dwarf;
				ENABLE_STRICT_OBJC_MSGSEND = YES;
				ENABLE_TESTABILITY = YES;
				GCC_C_LANGUAGE_STANDARD = gnu11;
				GCC_DYNAMIC_NO_PIC = NO;
				GCC_NO_COMMON_BLOCKS = YES;
				GCC_OPTIMIZATION_LEVEL = 0;
				GCC_PREPROCESSOR_DEFINITIONS = (
					"DEBUG=1",
					"$(inherited)",
				);
				GCC_WARN_64_TO_32_BIT_CONVERSION = YES;
				GCC_WARN_ABOUT_RETURN_TYPE = YES_ERROR;
				GCC_WARN_UNDECLARED_SELECTOR = YES;
				GCC_WARN_UNINITIALIZED_AUTOS = YES_AGGRESSIVE;
				GCC_WARN_UNUSED_FUNCTION = YES;
				GCC_WARN_UNUSED_VARIABLE = YES;
				IPHONEOS_DEPLOYMENT_TARGET = 14.5;
				MTL_ENABLE_DEBUG_INFO = INCLUDE_SOURCE;
				MTL_FAST_MATH = YES;
				ONLY_ACTIVE_ARCH = YES;
				SDKROOT = iphoneos;
				SWIFT_ACTIVE_COMPILATION_CONDITIONS = DEBUG;
				SWIFT_OPTIMIZATION_LEVEL = "-Onone";
			};
			name = Debug;
		};
		502E30B326E77D8500303AA2 /* Release */ = {
			isa = XCBuildConfiguration;
			buildSettings = {
				ALWAYS_SEARCH_USER_PATHS = NO;
				CLANG_ANALYZER_NONNULL = YES;
				CLANG_ANALYZER_NUMBER_OBJECT_CONVERSION = YES_AGGRESSIVE;
				CLANG_CXX_LANGUAGE_STANDARD = "gnu++14";
				CLANG_CXX_LIBRARY = "libc++";
				CLANG_ENABLE_MODULES = YES;
				CLANG_ENABLE_OBJC_ARC = YES;
				CLANG_ENABLE_OBJC_WEAK = YES;
				CLANG_WARN_BLOCK_CAPTURE_AUTORELEASING = YES;
				CLANG_WARN_BOOL_CONVERSION = YES;
				CLANG_WARN_COMMA = YES;
				CLANG_WARN_CONSTANT_CONVERSION = YES;
				CLANG_WARN_DEPRECATED_OBJC_IMPLEMENTATIONS = YES;
				CLANG_WARN_DIRECT_OBJC_ISA_USAGE = YES_ERROR;
				CLANG_WARN_DOCUMENTATION_COMMENTS = YES;
				CLANG_WARN_EMPTY_BODY = YES;
				CLANG_WARN_ENUM_CONVERSION = YES;
				CLANG_WARN_INFINITE_RECURSION = YES;
				CLANG_WARN_INT_CONVERSION = YES;
				CLANG_WARN_NON_LITERAL_NULL_CONVERSION = YES;
				CLANG_WARN_OBJC_IMPLICIT_RETAIN_SELF = YES;
				CLANG_WARN_OBJC_LITERAL_CONVERSION = YES;
				CLANG_WARN_OBJC_ROOT_CLASS = YES_ERROR;
				CLANG_WARN_QUOTED_INCLUDE_IN_FRAMEWORK_HEADER = YES;
				CLANG_WARN_RANGE_LOOP_ANALYSIS = YES;
				CLANG_WARN_STRICT_PROTOTYPES = YES;
				CLANG_WARN_SUSPICIOUS_MOVE = YES;
				CLANG_WARN_UNGUARDED_AVAILABILITY = YES_AGGRESSIVE;
				CLANG_WARN_UNREACHABLE_CODE = YES;
				CLANG_WARN__DUPLICATE_METHOD_MATCH = YES;
				COPY_PHASE_STRIP = NO;
				DEBUG_INFORMATION_FORMAT = "dwarf-with-dsym";
				ENABLE_NS_ASSERTIONS = NO;
				ENABLE_STRICT_OBJC_MSGSEND = YES;
				GCC_C_LANGUAGE_STANDARD = gnu11;
				GCC_NO_COMMON_BLOCKS = YES;
				GCC_WARN_64_TO_32_BIT_CONVERSION = YES;
				GCC_WARN_ABOUT_RETURN_TYPE = YES_ERROR;
				GCC_WARN_UNDECLARED_SELECTOR = YES;
				GCC_WARN_UNINITIALIZED_AUTOS = YES_AGGRESSIVE;
				GCC_WARN_UNUSED_FUNCTION = YES;
				GCC_WARN_UNUSED_VARIABLE = YES;
				IPHONEOS_DEPLOYMENT_TARGET = 14.5;
				MTL_ENABLE_DEBUG_INFO = NO;
				MTL_FAST_MATH = YES;
				SDKROOT = iphoneos;
				SWIFT_COMPILATION_MODE = wholemodule;
				SWIFT_OPTIMIZATION_LEVEL = "-O";
				VALIDATE_PRODUCT = YES;
			};
			name = Release;
		};
		502E30B526E77D8500303AA2 /* Debug */ = {
			isa = XCBuildConfiguration;
			buildSettings = {
				ASSETCATALOG_COMPILER_APPICON_NAME = AppIcon;
				ASSETCATALOG_COMPILER_GLOBAL_ACCENT_COLOR_NAME = AccentColor;
				CODE_SIGN_STYLE = Automatic;
				INFOPLIST_FILE = Chapter32_UIScrollViewWithStackViewChild/Info.plist;
				LD_RUNPATH_SEARCH_PATHS = (
					"$(inherited)",
					"@executable_path/Frameworks",
				);
				PRODUCT_BUNDLE_IDENTIFIER = "com.google.rt-konabe.Chapter32-UIScrollViewWithStackViewChild";
				PRODUCT_NAME = "$(TARGET_NAME)";
				SWIFT_VERSION = 5.0;
				TARGETED_DEVICE_FAMILY = "1,2";
			};
			name = Debug;
		};
		502E30B626E77D8500303AA2 /* Release */ = {
			isa = XCBuildConfiguration;
			buildSettings = {
				ASSETCATALOG_COMPILER_APPICON_NAME = AppIcon;
				ASSETCATALOG_COMPILER_GLOBAL_ACCENT_COLOR_NAME = AccentColor;
				CODE_SIGN_STYLE = Automatic;
				INFOPLIST_FILE = Chapter32_UIScrollViewWithStackViewChild/Info.plist;
				LD_RUNPATH_SEARCH_PATHS = (
					"$(inherited)",
					"@executable_path/Frameworks",
				);
				PRODUCT_BUNDLE_IDENTIFIER = "com.google.rt-konabe.Chapter32-UIScrollViewWithStackViewChild";
				PRODUCT_NAME = "$(TARGET_NAME)";
				SWIFT_VERSION = 5.0;
				TARGETED_DEVICE_FAMILY = "1,2";
			};
			name = Release;
		};
/* End XCBuildConfiguration section */

/* Begin XCConfigurationList section */
		502E309B26E77D8100303AA2 /* Build configuration list for PBXProject "Chapter32_UIScrollViewWithStackViewChild" */ = {
			isa = XCConfigurationList;
			buildConfigurations = (
				502E30B226E77D8500303AA2 /* Debug */,
				502E30B326E77D8500303AA2 /* Release */,
			);
			defaultConfigurationIsVisible = 0;
			defaultConfigurationName = Release;
		};
		502E30B426E77D8500303AA2 /* Build configuration list for PBXNativeTarget "Chapter32_UIScrollViewWithStackViewChild" */ = {
			isa = XCConfigurationList;
			buildConfigurations = (
				502E30B526E77D8500303AA2 /* Debug */,
				502E30B626E77D8500303AA2 /* Release */,
			);
			defaultConfigurationIsVisible = 0;
			defaultConfigurationName = Release;
		};
/* End XCConfigurationList section */
	};
	rootObject = 502E309826E77D8100303AA2 /* Project object */;
}
