// !$*UTF8*$!
{
	archiveVersion = 1;
	classes = {
	};
	objectVersion = 55;
	objects = {

/* Begin PBXBuildFile section */
		50F91CE727128EB6001953F7 /* AppDelegate.swift in Sources */ = {isa = PBXBuildFile; fileRef = 50F91CE627128EB6001953F7 /* AppDelegate.swift */; };
		50F91CE927128EB6001953F7 /* SceneDelegate.swift in Sources */ = {isa = PBXBuildFile; fileRef = 50F91CE827128EB6001953F7 /* SceneDelegate.swift */; };
		50F91CEB27128EB6001953F7 /* ViewController.swift in Sources */ = {isa = PBXBuildFile; fileRef = 50F91CEA27128EB6001953F7 /* ViewController.swift */; };
		50F91CEE27128EB6001953F7 /* Main.storyboard in Resources */ = {isa = PBXBuildFile; fileRef = 50F91CEC27128EB6001953F7 /* Main.storyboard */; };
		50F91CF027128EB8001953F7 /* Assets.xcassets in Resources */ = {isa = PBXBuildFile; fileRef = 50F91CEF27128EB8001953F7 /* Assets.xcassets */; };
		50F91CF327128EB8001953F7 /* LaunchScreen.storyboard in Resources */ = {isa = PBXBuildFile; fileRef = 50F91CF127128EB8001953F7 /* LaunchScreen.storyboard */; };
		50F91CFC2712969B001953F7 /* CustomObject.m in Sources */ = {isa = PBXBuildFile; fileRef = 50F91CFB2712969B001953F7 /* CustomObject.m */; };
/* End PBXBuildFile section */

/* Begin PBXFileReference section */
		50F91CE327128EB6001953F7 /* Chapter91_SwiftAndObjectiveCInteroperability.app */ = {isa = PBXFileReference; explicitFileType = wrapper.application; includeInIndex = 0; path = Chapter91_SwiftAndObjectiveCInteroperability.app; sourceTree = BUILT_PRODUCTS_DIR; };
		50F91CE627128EB6001953F7 /* AppDelegate.swift */ = {isa = PBXFileReference; lastKnownFileType = sourcecode.swift; path = AppDelegate.swift; sourceTree = "<group>"; };
		50F91CE827128EB6001953F7 /* SceneDelegate.swift */ = {isa = PBXFileReference; lastKnownFileType = sourcecode.swift; path = SceneDelegate.swift; sourceTree = "<group>"; };
		50F91CEA27128EB6001953F7 /* ViewController.swift */ = {isa = PBXFileReference; lastKnownFileType = sourcecode.swift; path = ViewController.swift; sourceTree = "<group>"; };
		50F91CED27128EB6001953F7 /* Base */ = {isa = PBXFileReference; lastKnownFileType = file.storyboard; name = Base; path = Base.lproj/Main.storyboard; sourceTree = "<group>"; };
		50F91CEF27128EB8001953F7 /* Assets.xcassets */ = {isa = PBXFileReference; lastKnownFileType = folder.assetcatalog; path = Assets.xcassets; sourceTree = "<group>"; };
		50F91CF227128EB8001953F7 /* Base */ = {isa = PBXFileReference; lastKnownFileType = file.storyboard; name = Base; path = Base.lproj/LaunchScreen.storyboard; sourceTree = "<group>"; };
		50F91CF427128EB8001953F7 /* Info.plist */ = {isa = PBXFileReference; lastKnownFileType = text.plist.xml; path = Info.plist; sourceTree = "<group>"; };
		50F91CFA2712969A001953F7 /* Chapter91_SwiftAndObjectiveCInteroperability-Bridging-Header.h */ = {isa = PBXFileReference; lastKnownFileType = sourcecode.c.h; path = "Chapter91_SwiftAndObjectiveCInteroperability-Bridging-Header.h"; sourceTree = "<group>"; };
		50F91CFB2712969B001953F7 /* CustomObject.m */ = {isa = PBXFileReference; lastKnownFileType = sourcecode.c.objc; path = CustomObject.m; sourceTree = "<group>"; };
		50F91CFD2712978B001953F7 /* CustomObject.h */ = {isa = PBXFileReference; lastKnownFileType = sourcecode.c.h; path = CustomObject.h; sourceTree = "<group>"; };
/* End PBXFileReference section */

/* Begin PBXFrameworksBuildPhase section */
		50F91CE027128EB5001953F7 /* Frameworks */ = {
			isa = PBXFrameworksBuildPhase;
			buildActionMask = 2147483647;
			files = (
			);
			runOnlyForDeploymentPostprocessing = 0;
		};
/* End PBXFrameworksBuildPhase section */

/* Begin PBXGroup section */
		50F91CDA27128EB5001953F7 = {
			isa = PBXGroup;
			children = (
				50F91CE527128EB6001953F7 /* Chapter91_SwiftAndObjectiveCInteroperability */,
				50F91CE427128EB6001953F7 /* Products */,
			);
			sourceTree = "<group>";
		};
		50F91CE427128EB6001953F7 /* Products */ = {
			isa = PBXGroup;
			children = (
				50F91CE327128EB6001953F7 /* Chapter91_SwiftAndObjectiveCInteroperability.app */,
			);
			name = Products;
			sourceTree = "<group>";
		};
		50F91CE527128EB6001953F7 /* Chapter91_SwiftAndObjectiveCInteroperability */ = {
			isa = PBXGroup;
			children = (
				50F91CE627128EB6001953F7 /* AppDelegate.swift */,
				50F91CE827128EB6001953F7 /* SceneDelegate.swift */,
				50F91CEA27128EB6001953F7 /* ViewController.swift */,
				50F91CEC27128EB6001953F7 /* Main.storyboard */,
				50F91CEF27128EB8001953F7 /* Assets.xcassets */,
				50F91CF127128EB8001953F7 /* LaunchScreen.storyboard */,
				50F91CF427128EB8001953F7 /* Info.plist */,
				50F91CFB2712969B001953F7 /* CustomObject.m */,
				50F91CFA2712969A001953F7 /* Chapter91_SwiftAndObjectiveCInteroperability-Bridging-Header.h */,
				50F91CFD2712978B001953F7 /* CustomObject.h */,
			);
			path = Chapter91_SwiftAndObjectiveCInteroperability;
			sourceTree = "<group>";
		};
/* End PBXGroup section */

/* Begin PBXNativeTarget section */
		50F91CE227128EB5001953F7 /* Chapter91_SwiftAndObjectiveCInteroperability */ = {
			isa = PBXNativeTarget;
			buildConfigurationList = 50F91CF727128EB8001953F7 /* Build configuration list for PBXNativeTarget "Chapter91_SwiftAndObjectiveCInteroperability" */;
			buildPhases = (
				50F91CDF27128EB5001953F7 /* Sources */,
				50F91CE027128EB5001953F7 /* Frameworks */,
				50F91CE127128EB5001953F7 /* Resources */,
			);
			buildRules = (
			);
			dependencies = (
			);
			name = Chapter91_SwiftAndObjectiveCInteroperability;
			productName = Chapter91_SwiftAndObjectiveCInteroperability;
			productReference = 50F91CE327128EB6001953F7 /* Chapter91_SwiftAndObjectiveCInteroperability.app */;
			productType = "com.apple.product-type.application";
		};
/* End PBXNativeTarget section */

/* Begin PBXProject section */
		50F91CDB27128EB5001953F7 /* Project object */ = {
			isa = PBXProject;
			attributes = {
				BuildIndependentTargetsInParallel = 1;
				LastSwiftUpdateCheck = 1300;
				LastUpgradeCheck = 1300;
				TargetAttributes = {
					50F91CE227128EB5001953F7 = {
						CreatedOnToolsVersion = 13.0;
						LastSwiftMigration = 1300;
					};
				};
			};
			buildConfigurationList = 50F91CDE27128EB5001953F7 /* Build configuration list for PBXProject "Chapter91_SwiftAndObjectiveCInteroperability" */;
			compatibilityVersion = "Xcode 13.0";
			developmentRegion = en;
			hasScannedForEncodings = 0;
			knownRegions = (
				en,
				Base,
			);
			mainGroup = 50F91CDA27128EB5001953F7;
			productRefGroup = 50F91CE427128EB6001953F7 /* Products */;
			projectDirPath = "";
			projectRoot = "";
			targets = (
				50F91CE227128EB5001953F7 /* Chapter91_SwiftAndObjectiveCInteroperability */,
			);
		};
/* End PBXProject section */

/* Begin PBXResourcesBuildPhase section */
		50F91CE127128EB5001953F7 /* Resources */ = {
			isa = PBXResourcesBuildPhase;
			buildActionMask = 2147483647;
			files = (
				50F91CF327128EB8001953F7 /* LaunchScreen.storyboard in Resources */,
				50F91CF027128EB8001953F7 /* Assets.xcassets in Resources */,
				50F91CEE27128EB6001953F7 /* Main.storyboard in Resources */,
			);
			runOnlyForDeploymentPostprocessing = 0;
		};
/* End PBXResourcesBuildPhase section */

/* Begin PBXSourcesBuildPhase section */
		50F91CDF27128EB5001953F7 /* Sources */ = {
			isa = PBXSourcesBuildPhase;
			buildActionMask = 2147483647;
			files = (
				50F91CEB27128EB6001953F7 /* ViewController.swift in Sources */,
				50F91CE727128EB6001953F7 /* AppDelegate.swift in Sources */,
				50F91CE927128EB6001953F7 /* SceneDelegate.swift in Sources */,
				50F91CFC2712969B001953F7 /* CustomObject.m in Sources */,
			);
			runOnlyForDeploymentPostprocessing = 0;
		};
/* End PBXSourcesBuildPhase section */

/* Begin PBXVariantGroup section */
		50F91CEC27128EB6001953F7 /* Main.storyboard */ = {
			isa = PBXVariantGroup;
			children = (
				50F91CED27128EB6001953F7 /* Base */,
			);
			name = Main.storyboard;
			sourceTree = "<group>";
		};
		50F91CF127128EB8001953F7 /* LaunchScreen.storyboard */ = {
			isa = PBXVariantGroup;
			children = (
				50F91CF227128EB8001953F7 /* Base */,
			);
			name = LaunchScreen.storyboard;
			sourceTree = "<group>";
		};
/* End PBXVariantGroup section */

/* Begin XCBuildConfiguration section */
		50F91CF527128EB8001953F7 /* Debug */ = {
			isa = XCBuildConfiguration;
			buildSettings = {
				ALWAYS_SEARCH_USER_PATHS = NO;
				CLANG_ANALYZER_NONNULL = YES;
				CLANG_ANALYZER_NUMBER_OBJECT_CONVERSION = YES_AGGRESSIVE;
				CLANG_CXX_LANGUAGE_STANDARD = "gnu++17";
				CLANG_CXX_LIBRARY = "libc++";
				CLANG_ENABLE_MODULES = YES;
				CLANG_ENABLE_OBJC_ARC = YES;
				CLANG_ENABLE_OBJC_WEAK = YES;
				CLANG_WARN_BLOCK_CAPTURE_AUTORELEASING = YES;
				CLANG_WARN_BOOL_CONVERSION = YES;
				CLANG_WARN_COMMA = YES;
				CLANG_WARN_CONSTANT_CONVERSION = YES;
				CLANG_WARN_DEPRECATED_OBJC_IMPLEMENTATIONS = YES;
				CLANG_WARN_DIRECT_OBJC_ISA_USAGE = YES_ERROR;
				CLANG_WARN_DOCUMENTATION_COMMENTS = YES;
				CLANG_WARN_EMPTY_BODY = YES;
				CLANG_WARN_ENUM_CONVERSION = YES;
				CLANG_WARN_INFINITE_RECURSION = YES;
				CLANG_WARN_INT_CONVERSION = YES;
				CLANG_WARN_NON_LITERAL_NULL_CONVERSION = YES;
				CLANG_WARN_OBJC_IMPLICIT_RETAIN_SELF = YES;
				CLANG_WARN_OBJC_LITERAL_CONVERSION = YES;
				CLANG_WARN_OBJC_ROOT_CLASS = YES_ERROR;
				CLANG_WARN_QUOTED_INCLUDE_IN_FRAMEWORK_HEADER = YES;
				CLANG_WARN_RANGE_LOOP_ANALYSIS = YES;
				CLANG_WARN_STRICT_PROTOTYPES = YES;
				CLANG_WARN_SUSPICIOUS_MOVE = YES;
				CLANG_WARN_UNGUARDED_AVAILABILITY = YES_AGGRESSIVE;
				CLANG_WARN_UNREACHABLE_CODE = YES;
				CLANG_WARN__DUPLICATE_METHOD_MATCH = YES;
				COPY_PHASE_STRIP = NO;
				DEBUG_INFORMATION_FORMAT = dwarf;
				ENABLE_STRICT_OBJC_MSGSEND = YES;
				ENABLE_TESTABILITY = YES;
				GCC_C_LANGUAGE_STANDARD = gnu11;
				GCC_DYNAMIC_NO_PIC = NO;
				GCC_NO_COMMON_BLOCKS = YES;
				GCC_OPTIMIZATION_LEVEL = 0;
				GCC_PREPROCESSOR_DEFINITIONS = (
					"DEBUG=1",
					"$(inherited)",
				);
				GCC_WARN_64_TO_32_BIT_CONVERSION = YES;
				GCC_WARN_ABOUT_RETURN_TYPE = YES_ERROR;
				GCC_WARN_UNDECLARED_SELECTOR = YES;
				GCC_WARN_UNINITIALIZED_AUTOS = YES_AGGRESSIVE;
				GCC_WARN_UNUSED_FUNCTION = YES;
				GCC_WARN_UNUSED_VARIABLE = YES;
				IPHONEOS_DEPLOYMENT_TARGET = 15.0;
				MTL_ENABLE_DEBUG_INFO = INCLUDE_SOURCE;
				MTL_FAST_MATH = YES;
				ONLY_ACTIVE_ARCH = YES;
				SDKROOT = iphoneos;
				SWIFT_ACTIVE_COMPILATION_CONDITIONS = DEBUG;
				SWIFT_OPTIMIZATION_LEVEL = "-Onone";
			};
			name = Debug;
		};
		50F91CF627128EB8001953F7 /* Release */ = {
			isa = XCBuildConfiguration;
			buildSettings = {
				ALWAYS_SEARCH_USER_PATHS = NO;
				CLANG_ANALYZER_NONNULL = YES;
				CLANG_ANALYZER_NUMBER_OBJECT_CONVERSION = YES_AGGRESSIVE;
				CLANG_CXX_LANGUAGE_STANDARD = "gnu++17";
				CLANG_CXX_LIBRARY = "libc++";
				CLANG_ENABLE_MODULES = YES;
				CLANG_ENABLE_OBJC_ARC = YES;
				CLANG_ENABLE_OBJC_WEAK = YES;
				CLANG_WARN_BLOCK_CAPTURE_AUTORELEASING = YES;
				CLANG_WARN_BOOL_CONVERSION = YES;
				CLANG_WARN_COMMA = YES;
				CLANG_WARN_CONSTANT_CONVERSION = YES;
				CLANG_WARN_DEPRECATED_OBJC_IMPLEMENTATIONS = YES;
				CLANG_WARN_DIRECT_OBJC_ISA_USAGE = YES_ERROR;
				CLANG_WARN_DOCUMENTATION_COMMENTS = YES;
				CLANG_WARN_EMPTY_BODY = YES;
				CLANG_WARN_ENUM_CONVERSION = YES;
				CLANG_WARN_INFINITE_RECURSION = YES;
				CLANG_WARN_INT_CONVERSION = YES;
				CLANG_WARN_NON_LITERAL_NULL_CONVERSION = YES;
				CLANG_WARN_OBJC_IMPLICIT_RETAIN_SELF = YES;
				CLANG_WARN_OBJC_LITERAL_CONVERSION = YES;
				CLANG_WARN_OBJC_ROOT_CLASS = YES_ERROR;
				CLANG_WARN_QUOTED_INCLUDE_IN_FRAMEWORK_HEADER = YES;
				CLANG_WARN_RANGE_LOOP_ANALYSIS = YES;
				CLANG_WARN_STRICT_PROTOTYPES = YES;
				CLANG_WARN_SUSPICIOUS_MOVE = YES;
				CLANG_WARN_UNGUARDED_AVAILABILITY = YES_AGGRESSIVE;
				CLANG_WARN_UNREACHABLE_CODE = YES;
				CLANG_WARN__DUPLICATE_METHOD_MATCH = YES;
				COPY_PHASE_STRIP = NO;
				DEBUG_INFORMATION_FORMAT = "dwarf-with-dsym";
				ENABLE_NS_ASSERTIONS = NO;
				ENABLE_STRICT_OBJC_MSGSEND = YES;
				GCC_C_LANGUAGE_STANDARD = gnu11;
				GCC_NO_COMMON_BLOCKS = YES;
				GCC_WARN_64_TO_32_BIT_CONVERSION = YES;
				GCC_WARN_ABOUT_RETURN_TYPE = YES_ERROR;
				GCC_WARN_UNDECLARED_SELECTOR = YES;
				GCC_WARN_UNINITIALIZED_AUTOS = YES_AGGRESSIVE;
				GCC_WARN_UNUSED_FUNCTION = YES;
				GCC_WARN_UNUSED_VARIABLE = YES;
				IPHONEOS_DEPLOYMENT_TARGET = 15.0;
				MTL_ENABLE_DEBUG_INFO = NO;
				MTL_FAST_MATH = YES;
				SDKROOT = iphoneos;
				SWIFT_COMPILATION_MODE = wholemodule;
				SWIFT_OPTIMIZATION_LEVEL = "-O";
				VALIDATE_PRODUCT = YES;
			};
			name = Release;
		};
		50F91CF827128EB8001953F7 /* Debug */ = {
			isa = XCBuildConfiguration;
			buildSettings = {
				ASSETCATALOG_COMPILER_APPICON_NAME = AppIcon;
				ASSETCATALOG_COMPILER_GLOBAL_ACCENT_COLOR_NAME = AccentColor;
				CLANG_ENABLE_MODULES = YES;
				CODE_SIGN_STYLE = Automatic;
				CURRENT_PROJECT_VERSION = 1;
				GENERATE_INFOPLIST_FILE = YES;
				INFOPLIST_FILE = Chapter91_SwiftAndObjectiveCInteroperability/Info.plist;
				INFOPLIST_KEY_UIApplicationSupportsIndirectInputEvents = YES;
				INFOPLIST_KEY_UILaunchStoryboardName = LaunchScreen;
				INFOPLIST_KEY_UIMainStoryboardFile = Main;
				INFOPLIST_KEY_UISupportedInterfaceOrientations_iPad = "UIInterfaceOrientationPortrait UIInterfaceOrientationPortraitUpsideDown UIInterfaceOrientationLandscapeLeft UIInterfaceOrientationLandscapeRight";
				INFOPLIST_KEY_UISupportedInterfaceOrientations_iPhone = "UIInterfaceOrientationPortrait UIInterfaceOrientationLandscapeLeft UIInterfaceOrientationLandscapeRight";
				LD_RUNPATH_SEARCH_PATHS = (
					"$(inherited)",
					"@executable_path/Frameworks",
				);
				MARKETING_VERSION = 1.0;
				PRODUCT_BUNDLE_IDENTIFIER = "com.google.rt-konabe.Chapter91-SwiftAndObjectiveCInteroperability";
				PRODUCT_NAME = "$(TARGET_NAME)";
				SWIFT_EMIT_LOC_STRINGS = YES;
				SWIFT_OBJC_BRIDGING_HEADER = "Chapter91_SwiftAndObjectiveCInteroperability/Chapter91_SwiftAndObjectiveCInteroperability-Bridging-Header.h";
				SWIFT_OPTIMIZATION_LEVEL = "-Onone";
				SWIFT_VERSION = 5.0;
				TARGETED_DEVICE_FAMILY = "1,2";
			};
			name = Debug;
		};
		50F91CF927128EB8001953F7 /* Release */ = {
			isa = XCBuildConfiguration;
			buildSettings = {
				ASSETCATALOG_COMPILER_APPICON_NAME = AppIcon;
				ASSETCATALOG_COMPILER_GLOBAL_ACCENT_COLOR_NAME = AccentColor;
				CLANG_ENABLE_MODULES = YES;
				CODE_SIGN_STYLE = Automatic;
				CURRENT_PROJECT_VERSION = 1;
				GENERATE_INFOPLIST_FILE = YES;
				INFOPLIST_FILE = Chapter91_SwiftAndObjectiveCInteroperability/Info.plist;
				INFOPLIST_KEY_UIApplicationSupportsIndirectInputEvents = YES;
				INFOPLIST_KEY_UILaunchStoryboardName = LaunchScreen;
				INFOPLIST_KEY_UIMainStoryboardFile = Main;
				INFOPLIST_KEY_UISupportedInterfaceOrientations_iPad = "UIInterfaceOrientationPortrait UIInterfaceOrientationPortraitUpsideDown UIInterfaceOrientationLandscapeLeft UIInterfaceOrientationLandscapeRight";
				INFOPLIST_KEY_UISupportedInterfaceOrientations_iPhone = "UIInterfaceOrientationPortrait UIInterfaceOrientationLandscapeLeft UIInterfaceOrientationLandscapeRight";
				LD_RUNPATH_SEARCH_PATHS = (
					"$(inherited)",
					"@executable_path/Frameworks",
				);
				MARKETING_VERSION = 1.0;
				PRODUCT_BUNDLE_IDENTIFIER = "com.google.rt-konabe.Chapter91-SwiftAndObjectiveCInteroperability";
				PRODUCT_NAME = "$(TARGET_NAME)";
				SWIFT_EMIT_LOC_STRINGS = YES;
				SWIFT_OBJC_BRIDGING_HEADER = "Chapter91_SwiftAndObjectiveCInteroperability/Chapter91_SwiftAndObjectiveCInteroperability-Bridging-Header.h";
				SWIFT_VERSION = 5.0;
				TARGETED_DEVICE_FAMILY = "1,2";
			};
			name = Release;
		};
/* End XCBuildConfiguration section */

/* Begin XCConfigurationList section */
		50F91CDE27128EB5001953F7 /* Build configuration list for PBXProject "Chapter91_SwiftAndObjectiveCInteroperability" */ = {
			isa = XCConfigurationList;
			buildConfigurations = (
				50F91CF527128EB8001953F7 /* Debug */,
				50F91CF627128EB8001953F7 /* Release */,
			);
			defaultConfigurationIsVisible = 0;
			defaultConfigurationName = Release;
		};
		50F91CF727128EB8001953F7 /* Build configuration list for PBXNativeTarget "Chapter91_SwiftAndObjectiveCInteroperability" */ = {
			isa = XCConfigurationList;
			buildConfigurations = (
				50F91CF827128EB8001953F7 /* Debug */,
				50F91CF927128EB8001953F7 /* Release */,
			);
			defaultConfigurationIsVisible = 0;
			defaultConfigurationName = Release;
		};
/* End XCConfigurationList section */
	};
	rootObject = 50F91CDB27128EB5001953F7 /* Project object */;
}
