// !$*UTF8*$!
{
	archiveVersion = 1;
	classes = {
	};
	objectVersion = 55;
	objects = {

/* Begin PBXBuildFile section */
		50BA8B1E270005D900FFBAF5 /* AppDelegate.swift in Sources */ = {isa = PBXBuildFile; fileRef = 50BA8B1D270005D900FFBAF5 /* AppDelegate.swift */; };
		50BA8B20270005D900FFBAF5 /* SceneDelegate.swift in Sources */ = {isa = PBXBuildFile; fileRef = 50BA8B1F270005D900FFBAF5 /* SceneDelegate.swift */; };
		50BA8B22270005D900FFBAF5 /* ViewController.swift in Sources */ = {isa = PBXBuildFile; fileRef = 50BA8B21270005D900FFBAF5 /* ViewController.swift */; };
		50BA8B25270005D900FFBAF5 /* Main.storyboard in Resources */ = {isa = PBXBuildFile; fileRef = 50BA8B23270005D900FFBAF5 /* Main.storyboard */; };
		50BA8B27270005DC00FFBAF5 /* Assets.xcassets in Resources */ = {isa = PBXBuildFile; fileRef = 50BA8B26270005DC00FFBAF5 /* Assets.xcassets */; };
		50BA8B2A270005DC00FFBAF5 /* LaunchScreen.storyboard in Resources */ = {isa = PBXBuildFile; fileRef = 50BA8B28270005DC00FFBAF5 /* LaunchScreen.storyboard */; };
		50BA8B35270005DC00FFBAF5 /* Chapter67_AutoLayoutTests.swift in Sources */ = {isa = PBXBuildFile; fileRef = 50BA8B34270005DC00FFBAF5 /* Chapter67_AutoLayoutTests.swift */; };
		50BA8B3F270005DC00FFBAF5 /* Chapter67_AutoLayoutUITests.swift in Sources */ = {isa = PBXBuildFile; fileRef = 50BA8B3E270005DC00FFBAF5 /* Chapter67_AutoLayoutUITests.swift */; };
		50BA8B41270005DC00FFBAF5 /* Chapter67_AutoLayoutUITestsLaunchTests.swift in Sources */ = {isa = PBXBuildFile; fileRef = 50BA8B40270005DC00FFBAF5 /* Chapter67_AutoLayoutUITestsLaunchTests.swift */; };
/* End PBXBuildFile section */

/* Begin PBXContainerItemProxy section */
		50BA8B31270005DC00FFBAF5 /* PBXContainerItemProxy */ = {
			isa = PBXContainerItemProxy;
			containerPortal = 50BA8B12270005D900FFBAF5 /* Project object */;
			proxyType = 1;
			remoteGlobalIDString = 50BA8B19270005D900FFBAF5;
			remoteInfo = Chapter67_AutoLayout;
		};
		50BA8B3B270005DC00FFBAF5 /* PBXContainerItemProxy */ = {
			isa = PBXContainerItemProxy;
			containerPortal = 50BA8B12270005D900FFBAF5 /* Project object */;
			proxyType = 1;
			remoteGlobalIDString = 50BA8B19270005D900FFBAF5;
			remoteInfo = Chapter67_AutoLayout;
		};
/* End PBXContainerItemProxy section */

/* Begin PBXFileReference section */
		50BA8B1A270005D900FFBAF5 /* Chapter67_AutoLayout.app */ = {isa = PBXFileReference; explicitFileType = wrapper.application; includeInIndex = 0; path = Chapter67_AutoLayout.app; sourceTree = BUILT_PRODUCTS_DIR; };
		50BA8B1D270005D900FFBAF5 /* AppDelegate.swift */ = {isa = PBXFileReference; lastKnownFileType = sourcecode.swift; path = AppDelegate.swift; sourceTree = "<group>"; };
		50BA8B1F270005D900FFBAF5 /* SceneDelegate.swift */ = {isa = PBXFileReference; lastKnownFileType = sourcecode.swift; path = SceneDelegate.swift; sourceTree = "<group>"; };
		50BA8B21270005D900FFBAF5 /* ViewController.swift */ = {isa = PBXFileReference; lastKnownFileType = sourcecode.swift; path = ViewController.swift; sourceTree = "<group>"; };
		50BA8B24270005D900FFBAF5 /* Base */ = {isa = PBXFileReference; lastKnownFileType = file.storyboard; name = Base; path = Base.lproj/Main.storyboard; sourceTree = "<group>"; };
		50BA8B26270005DC00FFBAF5 /* Assets.xcassets */ = {isa = PBXFileReference; lastKnownFileType = folder.assetcatalog; path = Assets.xcassets; sourceTree = "<group>"; };
		50BA8B29270005DC00FFBAF5 /* Base */ = {isa = PBXFileReference; lastKnownFileType = file.storyboard; name = Base; path = Base.lproj/LaunchScreen.storyboard; sourceTree = "<group>"; };
		50BA8B2B270005DC00FFBAF5 /* Info.plist */ = {isa = PBXFileReference; lastKnownFileType = text.plist.xml; path = Info.plist; sourceTree = "<group>"; };
		50BA8B30270005DC00FFBAF5 /* Chapter67_AutoLayoutTests.xctest */ = {isa = PBXFileReference; explicitFileType = wrapper.cfbundle; includeInIndex = 0; path = Chapter67_AutoLayoutTests.xctest; sourceTree = BUILT_PRODUCTS_DIR; };
		50BA8B34270005DC00FFBAF5 /* Chapter67_AutoLayoutTests.swift */ = {isa = PBXFileReference; lastKnownFileType = sourcecode.swift; path = Chapter67_AutoLayoutTests.swift; sourceTree = "<group>"; };
		50BA8B3A270005DC00FFBAF5 /* Chapter67_AutoLayoutUITests.xctest */ = {isa = PBXFileReference; explicitFileType = wrapper.cfbundle; includeInIndex = 0; path = Chapter67_AutoLayoutUITests.xctest; sourceTree = BUILT_PRODUCTS_DIR; };
		50BA8B3E270005DC00FFBAF5 /* Chapter67_AutoLayoutUITests.swift */ = {isa = PBXFileReference; lastKnownFileType = sourcecode.swift; path = Chapter67_AutoLayoutUITests.swift; sourceTree = "<group>"; };
		50BA8B40270005DC00FFBAF5 /* Chapter67_AutoLayoutUITestsLaunchTests.swift */ = {isa = PBXFileReference; lastKnownFileType = sourcecode.swift; path = Chapter67_AutoLayoutUITestsLaunchTests.swift; sourceTree = "<group>"; };
/* End PBXFileReference section */

/* Begin PBXFrameworksBuildPhase section */
		50BA8B17270005D900FFBAF5 /* Frameworks */ = {
			isa = PBXFrameworksBuildPhase;
			buildActionMask = 2147483647;
			files = (
			);
			runOnlyForDeploymentPostprocessing = 0;
		};
		50BA8B2D270005DC00FFBAF5 /* Frameworks */ = {
			isa = PBXFrameworksBuildPhase;
			buildActionMask = 2147483647;
			files = (
			);
			runOnlyForDeploymentPostprocessing = 0;
		};
		50BA8B37270005DC00FFBAF5 /* Frameworks */ = {
			isa = PBXFrameworksBuildPhase;
			buildActionMask = 2147483647;
			files = (
			);
			runOnlyForDeploymentPostprocessing = 0;
		};
/* End PBXFrameworksBuildPhase section */

/* Begin PBXGroup section */
		50BA8B11270005D900FFBAF5 = {
			isa = PBXGroup;
			children = (
				50BA8B1C270005D900FFBAF5 /* Chapter67_AutoLayout */,
				50BA8B33270005DC00FFBAF5 /* Chapter67_AutoLayoutTests */,
				50BA8B3D270005DC00FFBAF5 /* Chapter67_AutoLayoutUITests */,
				50BA8B1B270005D900FFBAF5 /* Products */,
			);
			sourceTree = "<group>";
		};
		50BA8B1B270005D900FFBAF5 /* Products */ = {
			isa = PBXGroup;
			children = (
				50BA8B1A270005D900FFBAF5 /* Chapter67_AutoLayout.app */,
				50BA8B30270005DC00FFBAF5 /* Chapter67_AutoLayoutTests.xctest */,
				50BA8B3A270005DC00FFBAF5 /* Chapter67_AutoLayoutUITests.xctest */,
			);
			name = Products;
			sourceTree = "<group>";
		};
		50BA8B1C270005D900FFBAF5 /* Chapter67_AutoLayout */ = {
			isa = PBXGroup;
			children = (
				50BA8B1D270005D900FFBAF5 /* AppDelegate.swift */,
				50BA8B1F270005D900FFBAF5 /* SceneDelegate.swift */,
				50BA8B21270005D900FFBAF5 /* ViewController.swift */,
				50BA8B23270005D900FFBAF5 /* Main.storyboard */,
				50BA8B26270005DC00FFBAF5 /* Assets.xcassets */,
				50BA8B28270005DC00FFBAF5 /* LaunchScreen.storyboard */,
				50BA8B2B270005DC00FFBAF5 /* Info.plist */,
			);
			path = Chapter67_AutoLayout;
			sourceTree = "<group>";
		};
		50BA8B33270005DC00FFBAF5 /* Chapter67_AutoLayoutTests */ = {
			isa = PBXGroup;
			children = (
				50BA8B34270005DC00FFBAF5 /* Chapter67_AutoLayoutTests.swift */,
			);
			path = Chapter67_AutoLayoutTests;
			sourceTree = "<group>";
		};
		50BA8B3D270005DC00FFBAF5 /* Chapter67_AutoLayoutUITests */ = {
			isa = PBXGroup;
			children = (
				50BA8B3E270005DC00FFBAF5 /* Chapter67_AutoLayoutUITests.swift */,
				50BA8B40270005DC00FFBAF5 /* Chapter67_AutoLayoutUITestsLaunchTests.swift */,
			);
			path = Chapter67_AutoLayoutUITests;
			sourceTree = "<group>";
		};
/* End PBXGroup section */

/* Begin PBXNativeTarget section */
		50BA8B19270005D900FFBAF5 /* Chapter67_AutoLayout */ = {
			isa = PBXNativeTarget;
			buildConfigurationList = 50BA8B44270005DC00FFBAF5 /* Build configuration list for PBXNativeTarget "Chapter67_AutoLayout" */;
			buildPhases = (
				50BA8B16270005D900FFBAF5 /* Sources */,
				50BA8B17270005D900FFBAF5 /* Frameworks */,
				50BA8B18270005D900FFBAF5 /* Resources */,
			);
			buildRules = (
			);
			dependencies = (
			);
			name = Chapter67_AutoLayout;
			productName = Chapter67_AutoLayout;
			productReference = 50BA8B1A270005D900FFBAF5 /* Chapter67_AutoLayout.app */;
			productType = "com.apple.product-type.application";
		};
		50BA8B2F270005DC00FFBAF5 /* Chapter67_AutoLayoutTests */ = {
			isa = PBXNativeTarget;
			buildConfigurationList = 50BA8B47270005DC00FFBAF5 /* Build configuration list for PBXNativeTarget "Chapter67_AutoLayoutTests" */;
			buildPhases = (
				50BA8B2C270005DC00FFBAF5 /* Sources */,
				50BA8B2D270005DC00FFBAF5 /* Frameworks */,
				50BA8B2E270005DC00FFBAF5 /* Resources */,
			);
			buildRules = (
			);
			dependencies = (
				50BA8B32270005DC00FFBAF5 /* PBXTargetDependency */,
			);
			name = Chapter67_AutoLayoutTests;
			productName = Chapter67_AutoLayoutTests;
			productReference = 50BA8B30270005DC00FFBAF5 /* Chapter67_AutoLayoutTests.xctest */;
			productType = "com.apple.product-type.bundle.unit-test";
		};
		50BA8B39270005DC00FFBAF5 /* Chapter67_AutoLayoutUITests */ = {
			isa = PBXNativeTarget;
			buildConfigurationList = 50BA8B4A270005DC00FFBAF5 /* Build configuration list for PBXNativeTarget "Chapter67_AutoLayoutUITests" */;
			buildPhases = (
				50BA8B36270005DC00FFBAF5 /* Sources */,
				50BA8B37270005DC00FFBAF5 /* Frameworks */,
				50BA8B38270005DC00FFBAF5 /* Resources */,
			);
			buildRules = (
			);
			dependencies = (
				50BA8B3C270005DC00FFBAF5 /* PBXTargetDependency */,
			);
			name = Chapter67_AutoLayoutUITests;
			productName = Chapter67_AutoLayoutUITests;
			productReference = 50BA8B3A270005DC00FFBAF5 /* Chapter67_AutoLayoutUITests.xctest */;
			productType = "com.apple.product-type.bundle.ui-testing";
		};
/* End PBXNativeTarget section */

/* Begin PBXProject section */
		50BA8B12270005D900FFBAF5 /* Project object */ = {
			isa = PBXProject;
			attributes = {
				BuildIndependentTargetsInParallel = 1;
				LastSwiftUpdateCheck = 1300;
				LastUpgradeCheck = 1300;
				TargetAttributes = {
					50BA8B19270005D900FFBAF5 = {
						CreatedOnToolsVersion = 13.0;
					};
					50BA8B2F270005DC00FFBAF5 = {
						CreatedOnToolsVersion = 13.0;
						TestTargetID = 50BA8B19270005D900FFBAF5;
					};
					50BA8B39270005DC00FFBAF5 = {
						CreatedOnToolsVersion = 13.0;
						TestTargetID = 50BA8B19270005D900FFBAF5;
					};
				};
			};
			buildConfigurationList = 50BA8B15270005D900FFBAF5 /* Build configuration list for PBXProject "Chapter67_AutoLayout" */;
			compatibilityVersion = "Xcode 13.0";
			developmentRegion = en;
			hasScannedForEncodings = 0;
			knownRegions = (
				en,
				Base,
			);
			mainGroup = 50BA8B11270005D900FFBAF5;
			productRefGroup = 50BA8B1B270005D900FFBAF5 /* Products */;
			projectDirPath = "";
			projectRoot = "";
			targets = (
				50BA8B19270005D900FFBAF5 /* Chapter67_AutoLayout */,
				50BA8B2F270005DC00FFBAF5 /* Chapter67_AutoLayoutTests */,
				50BA8B39270005DC00FFBAF5 /* Chapter67_AutoLayoutUITests */,
			);
		};
/* End PBXProject section */

/* Begin PBXResourcesBuildPhase section */
		50BA8B18270005D900FFBAF5 /* Resources */ = {
			isa = PBXResourcesBuildPhase;
			buildActionMask = 2147483647;
			files = (
				50BA8B2A270005DC00FFBAF5 /* LaunchScreen.storyboard in Resources */,
				50BA8B27270005DC00FFBAF5 /* Assets.xcassets in Resources */,
				50BA8B25270005D900FFBAF5 /* Main.storyboard in Resources */,
			);
			runOnlyForDeploymentPostprocessing = 0;
		};
		50BA8B2E270005DC00FFBAF5 /* Resources */ = {
			isa = PBXResourcesBuildPhase;
			buildActionMask = 2147483647;
			files = (
			);
			runOnlyForDeploymentPostprocessing = 0;
		};
		50BA8B38270005DC00FFBAF5 /* Resources */ = {
			isa = PBXResourcesBuildPhase;
			buildActionMask = 2147483647;
			files = (
			);
			runOnlyForDeploymentPostprocessing = 0;
		};
/* End PBXResourcesBuildPhase section */

/* Begin PBXSourcesBuildPhase section */
		50BA8B16270005D900FFBAF5 /* Sources */ = {
			isa = PBXSourcesBuildPhase;
			buildActionMask = 2147483647;
			files = (
				50BA8B22270005D900FFBAF5 /* ViewController.swift in Sources */,
				50BA8B1E270005D900FFBAF5 /* AppDelegate.swift in Sources */,
				50BA8B20270005D900FFBAF5 /* SceneDelegate.swift in Sources */,
			);
			runOnlyForDeploymentPostprocessing = 0;
		};
		50BA8B2C270005DC00FFBAF5 /* Sources */ = {
			isa = PBXSourcesBuildPhase;
			buildActionMask = 2147483647;
			files = (
				50BA8B35270005DC00FFBAF5 /* Chapter67_AutoLayoutTests.swift in Sources */,
			);
			runOnlyForDeploymentPostprocessing = 0;
		};
		50BA8B36270005DC00FFBAF5 /* Sources */ = {
			isa = PBXSourcesBuildPhase;
			buildActionMask = 2147483647;
			files = (
				50BA8B41270005DC00FFBAF5 /* Chapter67_AutoLayoutUITestsLaunchTests.swift in Sources */,
				50BA8B3F270005DC00FFBAF5 /* Chapter67_AutoLayoutUITests.swift in Sources */,
			);
			runOnlyForDeploymentPostprocessing = 0;
		};
/* End PBXSourcesBuildPhase section */

/* Begin PBXTargetDependency section */
		50BA8B32270005DC00FFBAF5 /* PBXTargetDependency */ = {
			isa = PBXTargetDependency;
			target = 50BA8B19270005D900FFBAF5 /* Chapter67_AutoLayout */;
			targetProxy = 50BA8B31270005DC00FFBAF5 /* PBXContainerItemProxy */;
		};
		50BA8B3C270005DC00FFBAF5 /* PBXTargetDependency */ = {
			isa = PBXTargetDependency;
			target = 50BA8B19270005D900FFBAF5 /* Chapter67_AutoLayout */;
			targetProxy = 50BA8B3B270005DC00FFBAF5 /* PBXContainerItemProxy */;
		};
/* End PBXTargetDependency section */

/* Begin PBXVariantGroup section */
		50BA8B23270005D900FFBAF5 /* Main.storyboard */ = {
			isa = PBXVariantGroup;
			children = (
				50BA8B24270005D900FFBAF5 /* Base */,
			);
			name = Main.storyboard;
			sourceTree = "<group>";
		};
		50BA8B28270005DC00FFBAF5 /* LaunchScreen.storyboard */ = {
			isa = PBXVariantGroup;
			children = (
				50BA8B29270005DC00FFBAF5 /* Base */,
			);
			name = LaunchScreen.storyboard;
			sourceTree = "<group>";
		};
/* End PBXVariantGroup section */

/* Begin XCBuildConfiguration section */
		50BA8B42270005DC00FFBAF5 /* Debug */ = {
			isa = XCBuildConfiguration;
			buildSettings = {
				ALWAYS_SEARCH_USER_PATHS = NO;
				CLANG_ANALYZER_NONNULL = YES;
				CLANG_ANALYZER_NUMBER_OBJECT_CONVERSION = YES_AGGRESSIVE;
				CLANG_CXX_LANGUAGE_STANDARD = "gnu++17";
				CLANG_CXX_LIBRARY = "libc++";
				CLANG_ENABLE_MODULES = YES;
				CLANG_ENABLE_OBJC_ARC = YES;
				CLANG_ENABLE_OBJC_WEAK = YES;
				CLANG_WARN_BLOCK_CAPTURE_AUTORELEASING = YES;
				CLANG_WARN_BOOL_CONVERSION = YES;
				CLANG_WARN_COMMA = YES;
				CLANG_WARN_CONSTANT_CONVERSION = YES;
				CLANG_WARN_DEPRECATED_OBJC_IMPLEMENTATIONS = YES;
				CLANG_WARN_DIRECT_OBJC_ISA_USAGE = YES_ERROR;
				CLANG_WARN_DOCUMENTATION_COMMENTS = YES;
				CLANG_WARN_EMPTY_BODY = YES;
				CLANG_WARN_ENUM_CONVERSION = YES;
				CLANG_WARN_INFINITE_RECURSION = YES;
				CLANG_WARN_INT_CONVERSION = YES;
				CLANG_WARN_NON_LITERAL_NULL_CONVERSION = YES;
				CLANG_WARN_OBJC_IMPLICIT_RETAIN_SELF = YES;
				CLANG_WARN_OBJC_LITERAL_CONVERSION = YES;
				CLANG_WARN_OBJC_ROOT_CLASS = YES_ERROR;
				CLANG_WARN_QUOTED_INCLUDE_IN_FRAMEWORK_HEADER = YES;
				CLANG_WARN_RANGE_LOOP_ANALYSIS = YES;
				CLANG_WARN_STRICT_PROTOTYPES = YES;
				CLANG_WARN_SUSPICIOUS_MOVE = YES;
				CLANG_WARN_UNGUARDED_AVAILABILITY = YES_AGGRESSIVE;
				CLANG_WARN_UNREACHABLE_CODE = YES;
				CLANG_WARN__DUPLICATE_METHOD_MATCH = YES;
				COPY_PHASE_STRIP = NO;
				DEBUG_INFORMATION_FORMAT = dwarf;
				ENABLE_STRICT_OBJC_MSGSEND = YES;
				ENABLE_TESTABILITY = YES;
				GCC_C_LANGUAGE_STANDARD = gnu11;
				GCC_DYNAMIC_NO_PIC = NO;
				GCC_NO_COMMON_BLOCKS = YES;
				GCC_OPTIMIZATION_LEVEL = 0;
				GCC_PREPROCESSOR_DEFINITIONS = (
					"DEBUG=1",
					"$(inherited)",
				);
				GCC_WARN_64_TO_32_BIT_CONVERSION = YES;
				GCC_WARN_ABOUT_RETURN_TYPE = YES_ERROR;
				GCC_WARN_UNDECLARED_SELECTOR = YES;
				GCC_WARN_UNINITIALIZED_AUTOS = YES_AGGRESSIVE;
				GCC_WARN_UNUSED_FUNCTION = YES;
				GCC_WARN_UNUSED_VARIABLE = YES;
				IPHONEOS_DEPLOYMENT_TARGET = 15.0;
				MTL_ENABLE_DEBUG_INFO = INCLUDE_SOURCE;
				MTL_FAST_MATH = YES;
				ONLY_ACTIVE_ARCH = YES;
				SDKROOT = iphoneos;
				SWIFT_ACTIVE_COMPILATION_CONDITIONS = DEBUG;
				SWIFT_OPTIMIZATION_LEVEL = "-Onone";
			};
			name = Debug;
		};
		50BA8B43270005DC00FFBAF5 /* Release */ = {
			isa = XCBuildConfiguration;
			buildSettings = {
				ALWAYS_SEARCH_USER_PATHS = NO;
				CLANG_ANALYZER_NONNULL = YES;
				CLANG_ANALYZER_NUMBER_OBJECT_CONVERSION = YES_AGGRESSIVE;
				CLANG_CXX_LANGUAGE_STANDARD = "gnu++17";
				CLANG_CXX_LIBRARY = "libc++";
				CLANG_ENABLE_MODULES = YES;
				CLANG_ENABLE_OBJC_ARC = YES;
				CLANG_ENABLE_OBJC_WEAK = YES;
				CLANG_WARN_BLOCK_CAPTURE_AUTORELEASING = YES;
				CLANG_WARN_BOOL_CONVERSION = YES;
				CLANG_WARN_COMMA = YES;
				CLANG_WARN_CONSTANT_CONVERSION = YES;
				CLANG_WARN_DEPRECATED_OBJC_IMPLEMENTATIONS = YES;
				CLANG_WARN_DIRECT_OBJC_ISA_USAGE = YES_ERROR;
				CLANG_WARN_DOCUMENTATION_COMMENTS = YES;
				CLANG_WARN_EMPTY_BODY = YES;
				CLANG_WARN_ENUM_CONVERSION = YES;
				CLANG_WARN_INFINITE_RECURSION = YES;
				CLANG_WARN_INT_CONVERSION = YES;
				CLANG_WARN_NON_LITERAL_NULL_CONVERSION = YES;
				CLANG_WARN_OBJC_IMPLICIT_RETAIN_SELF = YES;
				CLANG_WARN_OBJC_LITERAL_CONVERSION = YES;
				CLANG_WARN_OBJC_ROOT_CLASS = YES_ERROR;
				CLANG_WARN_QUOTED_INCLUDE_IN_FRAMEWORK_HEADER = YES;
				CLANG_WARN_RANGE_LOOP_ANALYSIS = YES;
				CLANG_WARN_STRICT_PROTOTYPES = YES;
				CLANG_WARN_SUSPICIOUS_MOVE = YES;
				CLANG_WARN_UNGUARDED_AVAILABILITY = YES_AGGRESSIVE;
				CLANG_WARN_UNREACHABLE_CODE = YES;
				CLANG_WARN__DUPLICATE_METHOD_MATCH = YES;
				COPY_PHASE_STRIP = NO;
				DEBUG_INFORMATION_FORMAT = "dwarf-with-dsym";
				ENABLE_NS_ASSERTIONS = NO;
				ENABLE_STRICT_OBJC_MSGSEND = YES;
				GCC_C_LANGUAGE_STANDARD = gnu11;
				GCC_NO_COMMON_BLOCKS = YES;
				GCC_WARN_64_TO_32_BIT_CONVERSION = YES;
				GCC_WARN_ABOUT_RETURN_TYPE = YES_ERROR;
				GCC_WARN_UNDECLARED_SELECTOR = YES;
				GCC_WARN_UNINITIALIZED_AUTOS = YES_AGGRESSIVE;
				GCC_WARN_UNUSED_FUNCTION = YES;
				GCC_WARN_UNUSED_VARIABLE = YES;
				IPHONEOS_DEPLOYMENT_TARGET = 15.0;
				MTL_ENABLE_DEBUG_INFO = NO;
				MTL_FAST_MATH = YES;
				SDKROOT = iphoneos;
				SWIFT_COMPILATION_MODE = wholemodule;
				SWIFT_OPTIMIZATION_LEVEL = "-O";
				VALIDATE_PRODUCT = YES;
			};
			name = Release;
		};
		50BA8B45270005DC00FFBAF5 /* Debug */ = {
			isa = XCBuildConfiguration;
			buildSettings = {
				ASSETCATALOG_COMPILER_APPICON_NAME = AppIcon;
				ASSETCATALOG_COMPILER_GLOBAL_ACCENT_COLOR_NAME = AccentColor;
				CODE_SIGN_STYLE = Automatic;
				CURRENT_PROJECT_VERSION = 1;
				GENERATE_INFOPLIST_FILE = YES;
				INFOPLIST_FILE = Chapter67_AutoLayout/Info.plist;
				INFOPLIST_KEY_UIApplicationSupportsIndirectInputEvents = YES;
				INFOPLIST_KEY_UILaunchStoryboardName = LaunchScreen;
				INFOPLIST_KEY_UIMainStoryboardFile = Main;
				INFOPLIST_KEY_UISupportedInterfaceOrientations_iPad = "UIInterfaceOrientationPortrait UIInterfaceOrientationPortraitUpsideDown UIInterfaceOrientationLandscapeLeft UIInterfaceOrientationLandscapeRight";
				INFOPLIST_KEY_UISupportedInterfaceOrientations_iPhone = "UIInterfaceOrientationPortrait UIInterfaceOrientationLandscapeLeft UIInterfaceOrientationLandscapeRight";
				LD_RUNPATH_SEARCH_PATHS = (
					"$(inherited)",
					"@executable_path/Frameworks",
				);
				MARKETING_VERSION = 1.0;
				PRODUCT_BUNDLE_IDENTIFIER = "com.google.rt-konabe.Chapter67-AutoLayout";
				PRODUCT_NAME = "$(TARGET_NAME)";
				SWIFT_EMIT_LOC_STRINGS = YES;
				SWIFT_VERSION = 5.0;
				TARGETED_DEVICE_FAMILY = "1,2";
			};
			name = Debug;
		};
		50BA8B46270005DC00FFBAF5 /* Release */ = {
			isa = XCBuildConfiguration;
			buildSettings = {
				ASSETCATALOG_COMPILER_APPICON_NAME = AppIcon;
				ASSETCATALOG_COMPILER_GLOBAL_ACCENT_COLOR_NAME = AccentColor;
				CODE_SIGN_STYLE = Automatic;
				CURRENT_PROJECT_VERSION = 1;
				GENERATE_INFOPLIST_FILE = YES;
				INFOPLIST_FILE = Chapter67_AutoLayout/Info.plist;
				INFOPLIST_KEY_UIApplicationSupportsIndirectInputEvents = YES;
				INFOPLIST_KEY_UILaunchStoryboardName = LaunchScreen;
				INFOPLIST_KEY_UIMainStoryboardFile = Main;
				INFOPLIST_KEY_UISupportedInterfaceOrientations_iPad = "UIInterfaceOrientationPortrait UIInterfaceOrientationPortraitUpsideDown UIInterfaceOrientationLandscapeLeft UIInterfaceOrientationLandscapeRight";
				INFOPLIST_KEY_UISupportedInterfaceOrientations_iPhone = "UIInterfaceOrientationPortrait UIInterfaceOrientationLandscapeLeft UIInterfaceOrientationLandscapeRight";
				LD_RUNPATH_SEARCH_PATHS = (
					"$(inherited)",
					"@executable_path/Frameworks",
				);
				MARKETING_VERSION = 1.0;
				PRODUCT_BUNDLE_IDENTIFIER = "com.google.rt-konabe.Chapter67-AutoLayout";
				PRODUCT_NAME = "$(TARGET_NAME)";
				SWIFT_EMIT_LOC_STRINGS = YES;
				SWIFT_VERSION = 5.0;
				TARGETED_DEVICE_FAMILY = "1,2";
			};
			name = Release;
		};
		50BA8B48270005DC00FFBAF5 /* Debug */ = {
			isa = XCBuildConfiguration;
			buildSettings = {
				ALWAYS_EMBED_SWIFT_STANDARD_LIBRARIES = YES;
				BUNDLE_LOADER = "$(TEST_HOST)";
				CODE_SIGN_STYLE = Automatic;
				CURRENT_PROJECT_VERSION = 1;
				GENERATE_INFOPLIST_FILE = YES;
				IPHONEOS_DEPLOYMENT_TARGET = 15.0;
				LD_RUNPATH_SEARCH_PATHS = (
					"$(inherited)",
					"@executable_path/Frameworks",
					"@loader_path/Frameworks",
				);
				MARKETING_VERSION = 1.0;
				PRODUCT_BUNDLE_IDENTIFIER = "com.google.rt-konabe.Chapter67-AutoLayoutTests";
				PRODUCT_NAME = "$(TARGET_NAME)";
				SWIFT_EMIT_LOC_STRINGS = NO;
				SWIFT_VERSION = 5.0;
				TARGETED_DEVICE_FAMILY = "1,2";
				TEST_HOST = "$(BUILT_PRODUCTS_DIR)/Chapter67_AutoLayout.app/Chapter67_AutoLayout";
			};
			name = Debug;
		};
		50BA8B49270005DC00FFBAF5 /* Release */ = {
			isa = XCBuildConfiguration;
			buildSettings = {
				ALWAYS_EMBED_SWIFT_STANDARD_LIBRARIES = YES;
				BUNDLE_LOADER = "$(TEST_HOST)";
				CODE_SIGN_STYLE = Automatic;
				CURRENT_PROJECT_VERSION = 1;
				GENERATE_INFOPLIST_FILE = YES;
				IPHONEOS_DEPLOYMENT_TARGET = 15.0;
				LD_RUNPATH_SEARCH_PATHS = (
					"$(inherited)",
					"@executable_path/Frameworks",
					"@loader_path/Frameworks",
				);
				MARKETING_VERSION = 1.0;
				PRODUCT_BUNDLE_IDENTIFIER = "com.google.rt-konabe.Chapter67-AutoLayoutTests";
				PRODUCT_NAME = "$(TARGET_NAME)";
				SWIFT_EMIT_LOC_STRINGS = NO;
				SWIFT_VERSION = 5.0;
				TARGETED_DEVICE_FAMILY = "1,2";
				TEST_HOST = "$(BUILT_PRODUCTS_DIR)/Chapter67_AutoLayout.app/Chapter67_AutoLayout";
			};
			name = Release;
		};
		50BA8B4B270005DC00FFBAF5 /* Debug */ = {
			isa = XCBuildConfiguration;
			buildSettings = {
				ALWAYS_EMBED_SWIFT_STANDARD_LIBRARIES = YES;
				CODE_SIGN_STYLE = Automatic;
				CURRENT_PROJECT_VERSION = 1;
				GENERATE_INFOPLIST_FILE = YES;
				LD_RUNPATH_SEARCH_PATHS = (
					"$(inherited)",
					"@executable_path/Frameworks",
					"@loader_path/Frameworks",
				);
				MARKETING_VERSION = 1.0;
				PRODUCT_BUNDLE_IDENTIFIER = "com.google.rt-konabe.Chapter67-AutoLayoutUITests";
				PRODUCT_NAME = "$(TARGET_NAME)";
				SWIFT_EMIT_LOC_STRINGS = NO;
				SWIFT_VERSION = 5.0;
				TARGETED_DEVICE_FAMILY = "1,2";
				TEST_TARGET_NAME = Chapter67_AutoLayout;
			};
			name = Debug;
		};
		50BA8B4C270005DC00FFBAF5 /* Release */ = {
			isa = XCBuildConfiguration;
			buildSettings = {
				ALWAYS_EMBED_SWIFT_STANDARD_LIBRARIES = YES;
				CODE_SIGN_STYLE = Automatic;
				CURRENT_PROJECT_VERSION = 1;
				GENERATE_INFOPLIST_FILE = YES;
				LD_RUNPATH_SEARCH_PATHS = (
					"$(inherited)",
					"@executable_path/Frameworks",
					"@loader_path/Frameworks",
				);
				MARKETING_VERSION = 1.0;
				PRODUCT_BUNDLE_IDENTIFIER = "com.google.rt-konabe.Chapter67-AutoLayoutUITests";
				PRODUCT_NAME = "$(TARGET_NAME)";
				SWIFT_EMIT_LOC_STRINGS = NO;
				SWIFT_VERSION = 5.0;
				TARGETED_DEVICE_FAMILY = "1,2";
				TEST_TARGET_NAME = Chapter67_AutoLayout;
			};
			name = Release;
		};
/* End XCBuildConfiguration section */

/* Begin XCConfigurationList section */
		50BA8B15270005D900FFBAF5 /* Build configuration list for PBXProject "Chapter67_AutoLayout" */ = {
			isa = XCConfigurationList;
			buildConfigurations = (
				50BA8B42270005DC00FFBAF5 /* Debug */,
				50BA8B43270005DC00FFBAF5 /* Release */,
			);
			defaultConfigurationIsVisible = 0;
			defaultConfigurationName = Release;
		};
		50BA8B44270005DC00FFBAF5 /* Build configuration list for PBXNativeTarget "Chapter67_AutoLayout" */ = {
			isa = XCConfigurationList;
			buildConfigurations = (
				50BA8B45270005DC00FFBAF5 /* Debug */,
				50BA8B46270005DC00FFBAF5 /* Release */,
			);
			defaultConfigurationIsVisible = 0;
			defaultConfigurationName = Release;
		};
		50BA8B47270005DC00FFBAF5 /* Build configuration list for PBXNativeTarget "Chapter67_AutoLayoutTests" */ = {
			isa = XCConfigurationList;
			buildConfigurations = (
				50BA8B48270005DC00FFBAF5 /* Debug */,
				50BA8B49270005DC00FFBAF5 /* Release */,
			);
			defaultConfigurationIsVisible = 0;
			defaultConfigurationName = Release;
		};
		50BA8B4A270005DC00FFBAF5 /* Build configuration list for PBXNativeTarget "Chapter67_AutoLayoutUITests" */ = {
			isa = XCConfigurationList;
			buildConfigurations = (
				50BA8B4B270005DC00FFBAF5 /* Debug */,
				50BA8B4C270005DC00FFBAF5 /* Release */,
			);
			defaultConfigurationIsVisible = 0;
			defaultConfigurationName = Release;
		};
/* End XCConfigurationList section */
	};
	rootObject = 50BA8B12270005D900FFBAF5 /* Project object */;
}
