// !$*UTF8*$!
{
	archiveVersion = 1;
	classes = {
	};
	objectVersion = 55;
	objects = {

/* Begin PBXBuildFile section */
		50A4707326FFEC2F0020C516 /* AppDelegate.swift in Sources */ = {isa = PBXBuildFile; fileRef = 50A4707226FFEC2F0020C516 /* AppDelegate.swift */; };
		50A4707526FFEC2F0020C516 /* SceneDelegate.swift in Sources */ = {isa = PBXBuildFile; fileRef = 50A4707426FFEC2F0020C516 /* SceneDelegate.swift */; };
		50A4707726FFEC2F0020C516 /* ViewController.swift in Sources */ = {isa = PBXBuildFile; fileRef = 50A4707626FFEC2F0020C516 /* ViewController.swift */; };
		50A4707A26FFEC2F0020C516 /* Main.storyboard in Resources */ = {isa = PBXBuildFile; fileRef = 50A4707826FFEC2F0020C516 /* Main.storyboard */; };
		50A4707C26FFEC310020C516 /* Assets.xcassets in Resources */ = {isa = PBXBuildFile; fileRef = 50A4707B26FFEC310020C516 /* Assets.xcassets */; };
		50A4707F26FFEC310020C516 /* LaunchScreen.storyboard in Resources */ = {isa = PBXBuildFile; fileRef = 50A4707D26FFEC310020C516 /* LaunchScreen.storyboard */; };
		50A4708A26FFEC320020C516 /* Chapter66_AccessibilityTests.swift in Sources */ = {isa = PBXBuildFile; fileRef = 50A4708926FFEC320020C516 /* Chapter66_AccessibilityTests.swift */; };
		50A4709426FFEC320020C516 /* Chapter66_AccessibilityUITests.swift in Sources */ = {isa = PBXBuildFile; fileRef = 50A4709326FFEC320020C516 /* Chapter66_AccessibilityUITests.swift */; };
		50A4709626FFEC320020C516 /* Chapter66_AccessibilityUITestsLaunchTests.swift in Sources */ = {isa = PBXBuildFile; fileRef = 50A4709526FFEC320020C516 /* Chapter66_AccessibilityUITestsLaunchTests.swift */; };
/* End PBXBuildFile section */

/* Begin PBXContainerItemProxy section */
		50A4708626FFEC320020C516 /* PBXContainerItemProxy */ = {
			isa = PBXContainerItemProxy;
			containerPortal = 50A4706726FFEC2F0020C516 /* Project object */;
			proxyType = 1;
			remoteGlobalIDString = 50A4706E26FFEC2F0020C516;
			remoteInfo = Chapter66_Accessibility;
		};
		50A4709026FFEC320020C516 /* PBXContainerItemProxy */ = {
			isa = PBXContainerItemProxy;
			containerPortal = 50A4706726FFEC2F0020C516 /* Project object */;
			proxyType = 1;
			remoteGlobalIDString = 50A4706E26FFEC2F0020C516;
			remoteInfo = Chapter66_Accessibility;
		};
/* End PBXContainerItemProxy section */

/* Begin PBXFileReference section */
		50A4706F26FFEC2F0020C516 /* Chapter66_Accessibility.app */ = {isa = PBXFileReference; explicitFileType = wrapper.application; includeInIndex = 0; path = Chapter66_Accessibility.app; sourceTree = BUILT_PRODUCTS_DIR; };
		50A4707226FFEC2F0020C516 /* AppDelegate.swift */ = {isa = PBXFileReference; lastKnownFileType = sourcecode.swift; path = AppDelegate.swift; sourceTree = "<group>"; };
		50A4707426FFEC2F0020C516 /* SceneDelegate.swift */ = {isa = PBXFileReference; lastKnownFileType = sourcecode.swift; path = SceneDelegate.swift; sourceTree = "<group>"; };
		50A4707626FFEC2F0020C516 /* ViewController.swift */ = {isa = PBXFileReference; lastKnownFileType = sourcecode.swift; path = ViewController.swift; sourceTree = "<group>"; };
		50A4707926FFEC2F0020C516 /* Base */ = {isa = PBXFileReference; lastKnownFileType = file.storyboard; name = Base; path = Base.lproj/Main.storyboard; sourceTree = "<group>"; };
		50A4707B26FFEC310020C516 /* Assets.xcassets */ = {isa = PBXFileReference; lastKnownFileType = folder.assetcatalog; path = Assets.xcassets; sourceTree = "<group>"; };
		50A4707E26FFEC310020C516 /* Base */ = {isa = PBXFileReference; lastKnownFileType = file.storyboard; name = Base; path = Base.lproj/LaunchScreen.storyboard; sourceTree = "<group>"; };
		50A4708026FFEC310020C516 /* Info.plist */ = {isa = PBXFileReference; lastKnownFileType = text.plist.xml; path = Info.plist; sourceTree = "<group>"; };
		50A4708526FFEC320020C516 /* Chapter66_AccessibilityTests.xctest */ = {isa = PBXFileReference; explicitFileType = wrapper.cfbundle; includeInIndex = 0; path = Chapter66_AccessibilityTests.xctest; sourceTree = BUILT_PRODUCTS_DIR; };
		50A4708926FFEC320020C516 /* Chapter66_AccessibilityTests.swift */ = {isa = PBXFileReference; lastKnownFileType = sourcecode.swift; path = Chapter66_AccessibilityTests.swift; sourceTree = "<group>"; };
		50A4708F26FFEC320020C516 /* Chapter66_AccessibilityUITests.xctest */ = {isa = PBXFileReference; explicitFileType = wrapper.cfbundle; includeInIndex = 0; path = Chapter66_AccessibilityUITests.xctest; sourceTree = BUILT_PRODUCTS_DIR; };
		50A4709326FFEC320020C516 /* Chapter66_AccessibilityUITests.swift */ = {isa = PBXFileReference; lastKnownFileType = sourcecode.swift; path = Chapter66_AccessibilityUITests.swift; sourceTree = "<group>"; };
		50A4709526FFEC320020C516 /* Chapter66_AccessibilityUITestsLaunchTests.swift */ = {isa = PBXFileReference; lastKnownFileType = sourcecode.swift; path = Chapter66_AccessibilityUITestsLaunchTests.swift; sourceTree = "<group>"; };
/* End PBXFileReference section */

/* Begin PBXFrameworksBuildPhase section */
		50A4706C26FFEC2F0020C516 /* Frameworks */ = {
			isa = PBXFrameworksBuildPhase;
			buildActionMask = 2147483647;
			files = (
			);
			runOnlyForDeploymentPostprocessing = 0;
		};
		50A4708226FFEC320020C516 /* Frameworks */ = {
			isa = PBXFrameworksBuildPhase;
			buildActionMask = 2147483647;
			files = (
			);
			runOnlyForDeploymentPostprocessing = 0;
		};
		50A4708C26FFEC320020C516 /* Frameworks */ = {
			isa = PBXFrameworksBuildPhase;
			buildActionMask = 2147483647;
			files = (
			);
			runOnlyForDeploymentPostprocessing = 0;
		};
/* End PBXFrameworksBuildPhase section */

/* Begin PBXGroup section */
		50A4706626FFEC2F0020C516 = {
			isa = PBXGroup;
			children = (
				50A4707126FFEC2F0020C516 /* Chapter66_Accessibility */,
				50A4708826FFEC320020C516 /* Chapter66_AccessibilityTests */,
				50A4709226FFEC320020C516 /* Chapter66_AccessibilityUITests */,
				50A4707026FFEC2F0020C516 /* Products */,
			);
			sourceTree = "<group>";
		};
		50A4707026FFEC2F0020C516 /* Products */ = {
			isa = PBXGroup;
			children = (
				50A4706F26FFEC2F0020C516 /* Chapter66_Accessibility.app */,
				50A4708526FFEC320020C516 /* Chapter66_AccessibilityTests.xctest */,
				50A4708F26FFEC320020C516 /* Chapter66_AccessibilityUITests.xctest */,
			);
			name = Products;
			sourceTree = "<group>";
		};
		50A4707126FFEC2F0020C516 /* Chapter66_Accessibility */ = {
			isa = PBXGroup;
			children = (
				50A4707226FFEC2F0020C516 /* AppDelegate.swift */,
				50A4707426FFEC2F0020C516 /* SceneDelegate.swift */,
				50A4707626FFEC2F0020C516 /* ViewController.swift */,
				50A4707826FFEC2F0020C516 /* Main.storyboard */,
				50A4707B26FFEC310020C516 /* Assets.xcassets */,
				50A4707D26FFEC310020C516 /* LaunchScreen.storyboard */,
				50A4708026FFEC310020C516 /* Info.plist */,
			);
			path = Chapter66_Accessibility;
			sourceTree = "<group>";
		};
		50A4708826FFEC320020C516 /* Chapter66_AccessibilityTests */ = {
			isa = PBXGroup;
			children = (
				50A4708926FFEC320020C516 /* Chapter66_AccessibilityTests.swift */,
			);
			path = Chapter66_AccessibilityTests;
			sourceTree = "<group>";
		};
		50A4709226FFEC320020C516 /* Chapter66_AccessibilityUITests */ = {
			isa = PBXGroup;
			children = (
				50A4709326FFEC320020C516 /* Chapter66_AccessibilityUITests.swift */,
				50A4709526FFEC320020C516 /* Chapter66_AccessibilityUITestsLaunchTests.swift */,
			);
			path = Chapter66_AccessibilityUITests;
			sourceTree = "<group>";
		};
/* End PBXGroup section */

/* Begin PBXNativeTarget section */
		50A4706E26FFEC2F0020C516 /* Chapter66_Accessibility */ = {
			isa = PBXNativeTarget;
			buildConfigurationList = 50A4709926FFEC320020C516 /* Build configuration list for PBXNativeTarget "Chapter66_Accessibility" */;
			buildPhases = (
				50A4706B26FFEC2F0020C516 /* Sources */,
				50A4706C26FFEC2F0020C516 /* Frameworks */,
				50A4706D26FFEC2F0020C516 /* Resources */,
			);
			buildRules = (
			);
			dependencies = (
			);
			name = Chapter66_Accessibility;
			productName = Chapter66_Accessibility;
			productReference = 50A4706F26FFEC2F0020C516 /* Chapter66_Accessibility.app */;
			productType = "com.apple.product-type.application";
		};
		50A4708426FFEC320020C516 /* Chapter66_AccessibilityTests */ = {
			isa = PBXNativeTarget;
			buildConfigurationList = 50A4709C26FFEC320020C516 /* Build configuration list for PBXNativeTarget "Chapter66_AccessibilityTests" */;
			buildPhases = (
				50A4708126FFEC320020C516 /* Sources */,
				50A4708226FFEC320020C516 /* Frameworks */,
				50A4708326FFEC320020C516 /* Resources */,
			);
			buildRules = (
			);
			dependencies = (
				50A4708726FFEC320020C516 /* PBXTargetDependency */,
			);
			name = Chapter66_AccessibilityTests;
			productName = Chapter66_AccessibilityTests;
			productReference = 50A4708526FFEC320020C516 /* Chapter66_AccessibilityTests.xctest */;
			productType = "com.apple.product-type.bundle.unit-test";
		};
		50A4708E26FFEC320020C516 /* Chapter66_AccessibilityUITests */ = {
			isa = PBXNativeTarget;
			buildConfigurationList = 50A4709F26FFEC320020C516 /* Build configuration list for PBXNativeTarget "Chapter66_AccessibilityUITests" */;
			buildPhases = (
				50A4708B26FFEC320020C516 /* Sources */,
				50A4708C26FFEC320020C516 /* Frameworks */,
				50A4708D26FFEC320020C516 /* Resources */,
			);
			buildRules = (
			);
			dependencies = (
				50A4709126FFEC320020C516 /* PBXTargetDependency */,
			);
			name = Chapter66_AccessibilityUITests;
			productName = Chapter66_AccessibilityUITests;
			productReference = 50A4708F26FFEC320020C516 /* Chapter66_AccessibilityUITests.xctest */;
			productType = "com.apple.product-type.bundle.ui-testing";
		};
/* End PBXNativeTarget section */

/* Begin PBXProject section */
		50A4706726FFEC2F0020C516 /* Project object */ = {
			isa = PBXProject;
			attributes = {
				BuildIndependentTargetsInParallel = 1;
				LastSwiftUpdateCheck = 1300;
				LastUpgradeCheck = 1300;
				TargetAttributes = {
					50A4706E26FFEC2F0020C516 = {
						CreatedOnToolsVersion = 13.0;
					};
					50A4708426FFEC320020C516 = {
						CreatedOnToolsVersion = 13.0;
						TestTargetID = 50A4706E26FFEC2F0020C516;
					};
					50A4708E26FFEC320020C516 = {
						CreatedOnToolsVersion = 13.0;
						TestTargetID = 50A4706E26FFEC2F0020C516;
					};
				};
			};
			buildConfigurationList = 50A4706A26FFEC2F0020C516 /* Build configuration list for PBXProject "Chapter66_Accessibility" */;
			compatibilityVersion = "Xcode 13.0";
			developmentRegion = en;
			hasScannedForEncodings = 0;
			knownRegions = (
				en,
				Base,
			);
			mainGroup = 50A4706626FFEC2F0020C516;
			productRefGroup = 50A4707026FFEC2F0020C516 /* Products */;
			projectDirPath = "";
			projectRoot = "";
			targets = (
				50A4706E26FFEC2F0020C516 /* Chapter66_Accessibility */,
				50A4708426FFEC320020C516 /* Chapter66_AccessibilityTests */,
				50A4708E26FFEC320020C516 /* Chapter66_AccessibilityUITests */,
			);
		};
/* End PBXProject section */

/* Begin PBXResourcesBuildPhase section */
		50A4706D26FFEC2F0020C516 /* Resources */ = {
			isa = PBXResourcesBuildPhase;
			buildActionMask = 2147483647;
			files = (
				50A4707F26FFEC310020C516 /* LaunchScreen.storyboard in Resources */,
				50A4707C26FFEC310020C516 /* Assets.xcassets in Resources */,
				50A4707A26FFEC2F0020C516 /* Main.storyboard in Resources */,
			);
			runOnlyForDeploymentPostprocessing = 0;
		};
		50A4708326FFEC320020C516 /* Resources */ = {
			isa = PBXResourcesBuildPhase;
			buildActionMask = 2147483647;
			files = (
			);
			runOnlyForDeploymentPostprocessing = 0;
		};
		50A4708D26FFEC320020C516 /* Resources */ = {
			isa = PBXResourcesBuildPhase;
			buildActionMask = 2147483647;
			files = (
			);
			runOnlyForDeploymentPostprocessing = 0;
		};
/* End PBXResourcesBuildPhase section */

/* Begin PBXSourcesBuildPhase section */
		50A4706B26FFEC2F0020C516 /* Sources */ = {
			isa = PBXSourcesBuildPhase;
			buildActionMask = 2147483647;
			files = (
				50A4707726FFEC2F0020C516 /* ViewController.swift in Sources */,
				50A4707326FFEC2F0020C516 /* AppDelegate.swift in Sources */,
				50A4707526FFEC2F0020C516 /* SceneDelegate.swift in Sources */,
			);
			runOnlyForDeploymentPostprocessing = 0;
		};
		50A4708126FFEC320020C516 /* Sources */ = {
			isa = PBXSourcesBuildPhase;
			buildActionMask = 2147483647;
			files = (
				50A4708A26FFEC320020C516 /* Chapter66_AccessibilityTests.swift in Sources */,
			);
			runOnlyForDeploymentPostprocessing = 0;
		};
		50A4708B26FFEC320020C516 /* Sources */ = {
			isa = PBXSourcesBuildPhase;
			buildActionMask = 2147483647;
			files = (
				50A4709426FFEC320020C516 /* Chapter66_AccessibilityUITests.swift in Sources */,
				50A4709626FFEC320020C516 /* Chapter66_AccessibilityUITestsLaunchTests.swift in Sources */,
			);
			runOnlyForDeploymentPostprocessing = 0;
		};
/* End PBXSourcesBuildPhase section */

/* Begin PBXTargetDependency section */
		50A4708726FFEC320020C516 /* PBXTargetDependency */ = {
			isa = PBXTargetDependency;
			target = 50A4706E26FFEC2F0020C516 /* Chapter66_Accessibility */;
			targetProxy = 50A4708626FFEC320020C516 /* PBXContainerItemProxy */;
		};
		50A4709126FFEC320020C516 /* PBXTargetDependency */ = {
			isa = PBXTargetDependency;
			target = 50A4706E26FFEC2F0020C516 /* Chapter66_Accessibility */;
			targetProxy = 50A4709026FFEC320020C516 /* PBXContainerItemProxy */;
		};
/* End PBXTargetDependency section */

/* Begin PBXVariantGroup section */
		50A4707826FFEC2F0020C516 /* Main.storyboard */ = {
			isa = PBXVariantGroup;
			children = (
				50A4707926FFEC2F0020C516 /* Base */,
			);
			name = Main.storyboard;
			sourceTree = "<group>";
		};
		50A4707D26FFEC310020C516 /* LaunchScreen.storyboard */ = {
			isa = PBXVariantGroup;
			children = (
				50A4707E26FFEC310020C516 /* Base */,
			);
			name = LaunchScreen.storyboard;
			sourceTree = "<group>";
		};
/* End PBXVariantGroup section */

/* Begin XCBuildConfiguration section */
		50A4709726FFEC320020C516 /* Debug */ = {
			isa = XCBuildConfiguration;
			buildSettings = {
				ALWAYS_SEARCH_USER_PATHS = NO;
				CLANG_ANALYZER_NONNULL = YES;
				CLANG_ANALYZER_NUMBER_OBJECT_CONVERSION = YES_AGGRESSIVE;
				CLANG_CXX_LANGUAGE_STANDARD = "gnu++17";
				CLANG_CXX_LIBRARY = "libc++";
				CLANG_ENABLE_MODULES = YES;
				CLANG_ENABLE_OBJC_ARC = YES;
				CLANG_ENABLE_OBJC_WEAK = YES;
				CLANG_WARN_BLOCK_CAPTURE_AUTORELEASING = YES;
				CLANG_WARN_BOOL_CONVERSION = YES;
				CLANG_WARN_COMMA = YES;
				CLANG_WARN_CONSTANT_CONVERSION = YES;
				CLANG_WARN_DEPRECATED_OBJC_IMPLEMENTATIONS = YES;
				CLANG_WARN_DIRECT_OBJC_ISA_USAGE = YES_ERROR;
				CLANG_WARN_DOCUMENTATION_COMMENTS = YES;
				CLANG_WARN_EMPTY_BODY = YES;
				CLANG_WARN_ENUM_CONVERSION = YES;
				CLANG_WARN_INFINITE_RECURSION = YES;
				CLANG_WARN_INT_CONVERSION = YES;
				CLANG_WARN_NON_LITERAL_NULL_CONVERSION = YES;
				CLANG_WARN_OBJC_IMPLICIT_RETAIN_SELF = YES;
				CLANG_WARN_OBJC_LITERAL_CONVERSION = YES;
				CLANG_WARN_OBJC_ROOT_CLASS = YES_ERROR;
				CLANG_WARN_QUOTED_INCLUDE_IN_FRAMEWORK_HEADER = YES;
				CLANG_WARN_RANGE_LOOP_ANALYSIS = YES;
				CLANG_WARN_STRICT_PROTOTYPES = YES;
				CLANG_WARN_SUSPICIOUS_MOVE = YES;
				CLANG_WARN_UNGUARDED_AVAILABILITY = YES_AGGRESSIVE;
				CLANG_WARN_UNREACHABLE_CODE = YES;
				CLANG_WARN__DUPLICATE_METHOD_MATCH = YES;
				COPY_PHASE_STRIP = NO;
				DEBUG_INFORMATION_FORMAT = dwarf;
				ENABLE_STRICT_OBJC_MSGSEND = YES;
				ENABLE_TESTABILITY = YES;
				GCC_C_LANGUAGE_STANDARD = gnu11;
				GCC_DYNAMIC_NO_PIC = NO;
				GCC_NO_COMMON_BLOCKS = YES;
				GCC_OPTIMIZATION_LEVEL = 0;
				GCC_PREPROCESSOR_DEFINITIONS = (
					"DEBUG=1",
					"$(inherited)",
				);
				GCC_WARN_64_TO_32_BIT_CONVERSION = YES;
				GCC_WARN_ABOUT_RETURN_TYPE = YES_ERROR;
				GCC_WARN_UNDECLARED_SELECTOR = YES;
				GCC_WARN_UNINITIALIZED_AUTOS = YES_AGGRESSIVE;
				GCC_WARN_UNUSED_FUNCTION = YES;
				GCC_WARN_UNUSED_VARIABLE = YES;
				IPHONEOS_DEPLOYMENT_TARGET = 15.0;
				MTL_ENABLE_DEBUG_INFO = INCLUDE_SOURCE;
				MTL_FAST_MATH = YES;
				ONLY_ACTIVE_ARCH = YES;
				SDKROOT = iphoneos;
				SWIFT_ACTIVE_COMPILATION_CONDITIONS = DEBUG;
				SWIFT_OPTIMIZATION_LEVEL = "-Onone";
			};
			name = Debug;
		};
		50A4709826FFEC320020C516 /* Release */ = {
			isa = XCBuildConfiguration;
			buildSettings = {
				ALWAYS_SEARCH_USER_PATHS = NO;
				CLANG_ANALYZER_NONNULL = YES;
				CLANG_ANALYZER_NUMBER_OBJECT_CONVERSION = YES_AGGRESSIVE;
				CLANG_CXX_LANGUAGE_STANDARD = "gnu++17";
				CLANG_CXX_LIBRARY = "libc++";
				CLANG_ENABLE_MODULES = YES;
				CLANG_ENABLE_OBJC_ARC = YES;
				CLANG_ENABLE_OBJC_WEAK = YES;
				CLANG_WARN_BLOCK_CAPTURE_AUTORELEASING = YES;
				CLANG_WARN_BOOL_CONVERSION = YES;
				CLANG_WARN_COMMA = YES;
				CLANG_WARN_CONSTANT_CONVERSION = YES;
				CLANG_WARN_DEPRECATED_OBJC_IMPLEMENTATIONS = YES;
				CLANG_WARN_DIRECT_OBJC_ISA_USAGE = YES_ERROR;
				CLANG_WARN_DOCUMENTATION_COMMENTS = YES;
				CLANG_WARN_EMPTY_BODY = YES;
				CLANG_WARN_ENUM_CONVERSION = YES;
				CLANG_WARN_INFINITE_RECURSION = YES;
				CLANG_WARN_INT_CONVERSION = YES;
				CLANG_WARN_NON_LITERAL_NULL_CONVERSION = YES;
				CLANG_WARN_OBJC_IMPLICIT_RETAIN_SELF = YES;
				CLANG_WARN_OBJC_LITERAL_CONVERSION = YES;
				CLANG_WARN_OBJC_ROOT_CLASS = YES_ERROR;
				CLANG_WARN_QUOTED_INCLUDE_IN_FRAMEWORK_HEADER = YES;
				CLANG_WARN_RANGE_LOOP_ANALYSIS = YES;
				CLANG_WARN_STRICT_PROTOTYPES = YES;
				CLANG_WARN_SUSPICIOUS_MOVE = YES;
				CLANG_WARN_UNGUARDED_AVAILABILITY = YES_AGGRESSIVE;
				CLANG_WARN_UNREACHABLE_CODE = YES;
				CLANG_WARN__DUPLICATE_METHOD_MATCH = YES;
				COPY_PHASE_STRIP = NO;
				DEBUG_INFORMATION_FORMAT = "dwarf-with-dsym";
				ENABLE_NS_ASSERTIONS = NO;
				ENABLE_STRICT_OBJC_MSGSEND = YES;
				GCC_C_LANGUAGE_STANDARD = gnu11;
				GCC_NO_COMMON_BLOCKS = YES;
				GCC_WARN_64_TO_32_BIT_CONVERSION = YES;
				GCC_WARN_ABOUT_RETURN_TYPE = YES_ERROR;
				GCC_WARN_UNDECLARED_SELECTOR = YES;
				GCC_WARN_UNINITIALIZED_AUTOS = YES_AGGRESSIVE;
				GCC_WARN_UNUSED_FUNCTION = YES;
				GCC_WARN_UNUSED_VARIABLE = YES;
				IPHONEOS_DEPLOYMENT_TARGET = 15.0;
				MTL_ENABLE_DEBUG_INFO = NO;
				MTL_FAST_MATH = YES;
				SDKROOT = iphoneos;
				SWIFT_COMPILATION_MODE = wholemodule;
				SWIFT_OPTIMIZATION_LEVEL = "-O";
				VALIDATE_PRODUCT = YES;
			};
			name = Release;
		};
		50A4709A26FFEC320020C516 /* Debug */ = {
			isa = XCBuildConfiguration;
			buildSettings = {
				ASSETCATALOG_COMPILER_APPICON_NAME = AppIcon;
				ASSETCATALOG_COMPILER_GLOBAL_ACCENT_COLOR_NAME = AccentColor;
				CODE_SIGN_STYLE = Automatic;
				CURRENT_PROJECT_VERSION = 1;
				GENERATE_INFOPLIST_FILE = YES;
				INFOPLIST_FILE = Chapter66_Accessibility/Info.plist;
				INFOPLIST_KEY_UIApplicationSupportsIndirectInputEvents = YES;
				INFOPLIST_KEY_UILaunchStoryboardName = LaunchScreen;
				INFOPLIST_KEY_UIMainStoryboardFile = Main;
				INFOPLIST_KEY_UISupportedInterfaceOrientations_iPad = "UIInterfaceOrientationPortrait UIInterfaceOrientationPortraitUpsideDown UIInterfaceOrientationLandscapeLeft UIInterfaceOrientationLandscapeRight";
				INFOPLIST_KEY_UISupportedInterfaceOrientations_iPhone = "UIInterfaceOrientationPortrait UIInterfaceOrientationLandscapeLeft UIInterfaceOrientationLandscapeRight";
				LD_RUNPATH_SEARCH_PATHS = (
					"$(inherited)",
					"@executable_path/Frameworks",
				);
				MARKETING_VERSION = 1.0;
				PRODUCT_BUNDLE_IDENTIFIER = "com.google.rt-konabe.Chapter66-Accessibility";
				PRODUCT_NAME = "$(TARGET_NAME)";
				SWIFT_EMIT_LOC_STRINGS = YES;
				SWIFT_VERSION = 5.0;
				TARGETED_DEVICE_FAMILY = "1,2";
			};
			name = Debug;
		};
		50A4709B26FFEC320020C516 /* Release */ = {
			isa = XCBuildConfiguration;
			buildSettings = {
				ASSETCATALOG_COMPILER_APPICON_NAME = AppIcon;
				ASSETCATALOG_COMPILER_GLOBAL_ACCENT_COLOR_NAME = AccentColor;
				CODE_SIGN_STYLE = Automatic;
				CURRENT_PROJECT_VERSION = 1;
				GENERATE_INFOPLIST_FILE = YES;
				INFOPLIST_FILE = Chapter66_Accessibility/Info.plist;
				INFOPLIST_KEY_UIApplicationSupportsIndirectInputEvents = YES;
				INFOPLIST_KEY_UILaunchStoryboardName = LaunchScreen;
				INFOPLIST_KEY_UIMainStoryboardFile = Main;
				INFOPLIST_KEY_UISupportedInterfaceOrientations_iPad = "UIInterfaceOrientationPortrait UIInterfaceOrientationPortraitUpsideDown UIInterfaceOrientationLandscapeLeft UIInterfaceOrientationLandscapeRight";
				INFOPLIST_KEY_UISupportedInterfaceOrientations_iPhone = "UIInterfaceOrientationPortrait UIInterfaceOrientationLandscapeLeft UIInterfaceOrientationLandscapeRight";
				LD_RUNPATH_SEARCH_PATHS = (
					"$(inherited)",
					"@executable_path/Frameworks",
				);
				MARKETING_VERSION = 1.0;
				PRODUCT_BUNDLE_IDENTIFIER = "com.google.rt-konabe.Chapter66-Accessibility";
				PRODUCT_NAME = "$(TARGET_NAME)";
				SWIFT_EMIT_LOC_STRINGS = YES;
				SWIFT_VERSION = 5.0;
				TARGETED_DEVICE_FAMILY = "1,2";
			};
			name = Release;
		};
		50A4709D26FFEC320020C516 /* Debug */ = {
			isa = XCBuildConfiguration;
			buildSettings = {
				ALWAYS_EMBED_SWIFT_STANDARD_LIBRARIES = YES;
				BUNDLE_LOADER = "$(TEST_HOST)";
				CODE_SIGN_STYLE = Automatic;
				CURRENT_PROJECT_VERSION = 1;
				GENERATE_INFOPLIST_FILE = YES;
				IPHONEOS_DEPLOYMENT_TARGET = 15.0;
				LD_RUNPATH_SEARCH_PATHS = (
					"$(inherited)",
					"@executable_path/Frameworks",
					"@loader_path/Frameworks",
				);
				MARKETING_VERSION = 1.0;
				PRODUCT_BUNDLE_IDENTIFIER = "com.google.rt-konabe.Chapter66-AccessibilityTests";
				PRODUCT_NAME = "$(TARGET_NAME)";
				SWIFT_EMIT_LOC_STRINGS = NO;
				SWIFT_VERSION = 5.0;
				TARGETED_DEVICE_FAMILY = "1,2";
				TEST_HOST = "$(BUILT_PRODUCTS_DIR)/Chapter66_Accessibility.app/Chapter66_Accessibility";
			};
			name = Debug;
		};
		50A4709E26FFEC320020C516 /* Release */ = {
			isa = XCBuildConfiguration;
			buildSettings = {
				ALWAYS_EMBED_SWIFT_STANDARD_LIBRARIES = YES;
				BUNDLE_LOADER = "$(TEST_HOST)";
				CODE_SIGN_STYLE = Automatic;
				CURRENT_PROJECT_VERSION = 1;
				GENERATE_INFOPLIST_FILE = YES;
				IPHONEOS_DEPLOYMENT_TARGET = 15.0;
				LD_RUNPATH_SEARCH_PATHS = (
					"$(inherited)",
					"@executable_path/Frameworks",
					"@loader_path/Frameworks",
				);
				MARKETING_VERSION = 1.0;
				PRODUCT_BUNDLE_IDENTIFIER = "com.google.rt-konabe.Chapter66-AccessibilityTests";
				PRODUCT_NAME = "$(TARGET_NAME)";
				SWIFT_EMIT_LOC_STRINGS = NO;
				SWIFT_VERSION = 5.0;
				TARGETED_DEVICE_FAMILY = "1,2";
				TEST_HOST = "$(BUILT_PRODUCTS_DIR)/Chapter66_Accessibility.app/Chapter66_Accessibility";
			};
			name = Release;
		};
		50A470A026FFEC320020C516 /* Debug */ = {
			isa = XCBuildConfiguration;
			buildSettings = {
				ALWAYS_EMBED_SWIFT_STANDARD_LIBRARIES = YES;
				CODE_SIGN_STYLE = Automatic;
				CURRENT_PROJECT_VERSION = 1;
				GENERATE_INFOPLIST_FILE = YES;
				LD_RUNPATH_SEARCH_PATHS = (
					"$(inherited)",
					"@executable_path/Frameworks",
					"@loader_path/Frameworks",
				);
				MARKETING_VERSION = 1.0;
				PRODUCT_BUNDLE_IDENTIFIER = "com.google.rt-konabe.Chapter66-AccessibilityUITests";
				PRODUCT_NAME = "$(TARGET_NAME)";
				SWIFT_EMIT_LOC_STRINGS = NO;
				SWIFT_VERSION = 5.0;
				TARGETED_DEVICE_FAMILY = "1,2";
				TEST_TARGET_NAME = Chapter66_Accessibility;
			};
			name = Debug;
		};
		50A470A126FFEC320020C516 /* Release */ = {
			isa = XCBuildConfiguration;
			buildSettings = {
				ALWAYS_EMBED_SWIFT_STANDARD_LIBRARIES = YES;
				CODE_SIGN_STYLE = Automatic;
				CURRENT_PROJECT_VERSION = 1;
				GENERATE_INFOPLIST_FILE = YES;
				LD_RUNPATH_SEARCH_PATHS = (
					"$(inherited)",
					"@executable_path/Frameworks",
					"@loader_path/Frameworks",
				);
				MARKETING_VERSION = 1.0;
				PRODUCT_BUNDLE_IDENTIFIER = "com.google.rt-konabe.Chapter66-AccessibilityUITests";
				PRODUCT_NAME = "$(TARGET_NAME)";
				SWIFT_EMIT_LOC_STRINGS = NO;
				SWIFT_VERSION = 5.0;
				TARGETED_DEVICE_FAMILY = "1,2";
				TEST_TARGET_NAME = Chapter66_Accessibility;
			};
			name = Release;
		};
/* End XCBuildConfiguration section */

/* Begin XCConfigurationList section */
		50A4706A26FFEC2F0020C516 /* Build configuration list for PBXProject "Chapter66_Accessibility" */ = {
			isa = XCConfigurationList;
			buildConfigurations = (
				50A4709726FFEC320020C516 /* Debug */,
				50A4709826FFEC320020C516 /* Release */,
			);
			defaultConfigurationIsVisible = 0;
			defaultConfigurationName = Release;
		};
		50A4709926FFEC320020C516 /* Build configuration list for PBXNativeTarget "Chapter66_Accessibility" */ = {
			isa = XCConfigurationList;
			buildConfigurations = (
				50A4709A26FFEC320020C516 /* Debug */,
				50A4709B26FFEC320020C516 /* Release */,
			);
			defaultConfigurationIsVisible = 0;
			defaultConfigurationName = Release;
		};
		50A4709C26FFEC320020C516 /* Build configuration list for PBXNativeTarget "Chapter66_AccessibilityTests" */ = {
			isa = XCConfigurationList;
			buildConfigurations = (
				50A4709D26FFEC320020C516 /* Debug */,
				50A4709E26FFEC320020C516 /* Release */,
			);
			defaultConfigurationIsVisible = 0;
			defaultConfigurationName = Release;
		};
		50A4709F26FFEC320020C516 /* Build configuration list for PBXNativeTarget "Chapter66_AccessibilityUITests" */ = {
			isa = XCConfigurationList;
			buildConfigurations = (
				50A470A026FFEC320020C516 /* Debug */,
				50A470A126FFEC320020C516 /* Release */,
			);
			defaultConfigurationIsVisible = 0;
			defaultConfigurationName = Release;
		};
/* End XCConfigurationList section */
	};
	rootObject = 50A4706726FFEC2F0020C516 /* Project object */;
}
