// !$*UTF8*$!
{
	archiveVersion = 1;
	classes = {
	};
	objectVersion = 50;
	objects = {

/* Begin PBXBuildFile section */
		50E129EA26EC5B1E009D88D9 /* AppDelegate.swift in Sources */ = {isa = PBXBuildFile; fileRef = 50E129E926EC5B1E009D88D9 /* AppDelegate.swift */; };
		50E129EC26EC5B1E009D88D9 /* SceneDelegate.swift in Sources */ = {isa = PBXBuildFile; fileRef = 50E129EB26EC5B1E009D88D9 /* SceneDelegate.swift */; };
		50E129EE26EC5B1E009D88D9 /* ViewController.swift in Sources */ = {isa = PBXBuildFile; fileRef = 50E129ED26EC5B1E009D88D9 /* ViewController.swift */; };
		50E129F126EC5B1E009D88D9 /* Main.storyboard in Resources */ = {isa = PBXBuildFile; fileRef = 50E129EF26EC5B1E009D88D9 /* Main.storyboard */; };
		50E129F326EC5B20009D88D9 /* Assets.xcassets in Resources */ = {isa = PBXBuildFile; fileRef = 50E129F226EC5B20009D88D9 /* Assets.xcassets */; };
		50E129F626EC5B20009D88D9 /* LaunchScreen.storyboard in Resources */ = {isa = PBXBuildFile; fileRef = 50E129F426EC5B20009D88D9 /* LaunchScreen.storyboard */; };
		50E12A0326EC82EA009D88D9 /* MyCollectionViewCell.swift in Sources */ = {isa = PBXBuildFile; fileRef = 50E12A0126EC82EA009D88D9 /* MyCollectionViewCell.swift */; };
		50E12A0426EC82EA009D88D9 /* MyCollectionViewCell.xib in Resources */ = {isa = PBXBuildFile; fileRef = 50E12A0226EC82EA009D88D9 /* MyCollectionViewCell.xib */; };
/* End PBXBuildFile section */

/* Begin PBXFileReference section */
		50E129E626EC5B1E009D88D9 /* Chapter38_UICollectionView.app */ = {isa = PBXFileReference; explicitFileType = wrapper.application; includeInIndex = 0; path = Chapter38_UICollectionView.app; sourceTree = BUILT_PRODUCTS_DIR; };
		50E129E926EC5B1E009D88D9 /* AppDelegate.swift */ = {isa = PBXFileReference; lastKnownFileType = sourcecode.swift; path = AppDelegate.swift; sourceTree = "<group>"; };
		50E129EB26EC5B1E009D88D9 /* SceneDelegate.swift */ = {isa = PBXFileReference; lastKnownFileType = sourcecode.swift; path = SceneDelegate.swift; sourceTree = "<group>"; };
		50E129ED26EC5B1E009D88D9 /* ViewController.swift */ = {isa = PBXFileReference; lastKnownFileType = sourcecode.swift; path = ViewController.swift; sourceTree = "<group>"; };
		50E129F026EC5B1E009D88D9 /* Base */ = {isa = PBXFileReference; lastKnownFileType = file.storyboard; name = Base; path = Base.lproj/Main.storyboard; sourceTree = "<group>"; };
		50E129F226EC5B20009D88D9 /* Assets.xcassets */ = {isa = PBXFileReference; lastKnownFileType = folder.assetcatalog; path = Assets.xcassets; sourceTree = "<group>"; };
		50E129F526EC5B20009D88D9 /* Base */ = {isa = PBXFileReference; lastKnownFileType = file.storyboard; name = Base; path = Base.lproj/LaunchScreen.storyboard; sourceTree = "<group>"; };
		50E129F726EC5B20009D88D9 /* Info.plist */ = {isa = PBXFileReference; lastKnownFileType = text.plist.xml; path = Info.plist; sourceTree = "<group>"; };
		50E12A0126EC82EA009D88D9 /* MyCollectionViewCell.swift */ = {isa = PBXFileReference; lastKnownFileType = sourcecode.swift; path = MyCollectionViewCell.swift; sourceTree = "<group>"; };
		50E12A0226EC82EA009D88D9 /* MyCollectionViewCell.xib */ = {isa = PBXFileReference; lastKnownFileType = file.xib; path = MyCollectionViewCell.xib; sourceTree = "<group>"; };
/* End PBXFileReference section */

/* Begin PBXFrameworksBuildPhase section */
		50E129E326EC5B1E009D88D9 /* Frameworks */ = {
			isa = PBXFrameworksBuildPhase;
			buildActionMask = 2147483647;
			files = (
			);
			runOnlyForDeploymentPostprocessing = 0;
		};
/* End PBXFrameworksBuildPhase section */

/* Begin PBXGroup section */
		50E129DD26EC5B1E009D88D9 = {
			isa = PBXGroup;
			children = (
				50E129E826EC5B1E009D88D9 /* Chapter38_UICollectionView */,
				50E129E726EC5B1E009D88D9 /* Products */,
			);
			sourceTree = "<group>";
		};
		50E129E726EC5B1E009D88D9 /* Products */ = {
			isa = PBXGroup;
			children = (
				50E129E626EC5B1E009D88D9 /* Chapter38_UICollectionView.app */,
			);
			name = Products;
			sourceTree = "<group>";
		};
		50E129E826EC5B1E009D88D9 /* Chapter38_UICollectionView */ = {
			isa = PBXGroup;
			children = (
				50E129E926EC5B1E009D88D9 /* AppDelegate.swift */,
				50E129EB26EC5B1E009D88D9 /* SceneDelegate.swift */,
				50E129ED26EC5B1E009D88D9 /* ViewController.swift */,
				50E129EF26EC5B1E009D88D9 /* Main.storyboard */,
				50E129F226EC5B20009D88D9 /* Assets.xcassets */,
				50E129F426EC5B20009D88D9 /* LaunchScreen.storyboard */,
				50E129F726EC5B20009D88D9 /* Info.plist */,
				50E12A0126EC82EA009D88D9 /* MyCollectionViewCell.swift */,
				50E12A0226EC82EA009D88D9 /* MyCollectionViewCell.xib */,
			);
			path = Chapter38_UICollectionView;
			sourceTree = "<group>";
		};
/* End PBXGroup section */

/* Begin PBXNativeTarget section */
		50E129E526EC5B1E009D88D9 /* Chapter38_UICollectionView */ = {
			isa = PBXNativeTarget;
			buildConfigurationList = 50E129FA26EC5B20009D88D9 /* Build configuration list for PBXNativeTarget "Chapter38_UICollectionView" */;
			buildPhases = (
				50E129E226EC5B1E009D88D9 /* Sources */,
				50E129E326EC5B1E009D88D9 /* Frameworks */,
				50E129E426EC5B1E009D88D9 /* Resources */,
			);
			buildRules = (
			);
			dependencies = (
			);
			name = Chapter38_UICollectionView;
			productName = Chapter38_UICollectionView;
			productReference = 50E129E626EC5B1E009D88D9 /* Chapter38_UICollectionView.app */;
			productType = "com.apple.product-type.application";
		};
/* End PBXNativeTarget section */

/* Begin PBXProject section */
		50E129DE26EC5B1E009D88D9 /* Project object */ = {
			isa = PBXProject;
			attributes = {
				LastSwiftUpdateCheck = 1250;
				LastUpgradeCheck = 1250;
				TargetAttributes = {
					50E129E526EC5B1E009D88D9 = {
						CreatedOnToolsVersion = 12.5.1;
					};
				};
			};
			buildConfigurationList = 50E129E126EC5B1E009D88D9 /* Build configuration list for PBXProject "Chapter38_UICollectionView" */;
			compatibilityVersion = "Xcode 9.3";
			developmentRegion = en;
			hasScannedForEncodings = 0;
			knownRegions = (
				en,
				Base,
			);
			mainGroup = 50E129DD26EC5B1E009D88D9;
			productRefGroup = 50E129E726EC5B1E009D88D9 /* Products */;
			projectDirPath = "";
			projectRoot = "";
			targets = (
				50E129E526EC5B1E009D88D9 /* Chapter38_UICollectionView */,
			);
		};
/* End PBXProject section */

/* Begin PBXResourcesBuildPhase section */
		50E129E426EC5B1E009D88D9 /* Resources */ = {
			isa = PBXResourcesBuildPhase;
			buildActionMask = 2147483647;
			files = (
				50E129F626EC5B20009D88D9 /* LaunchScreen.storyboard in Resources */,
				50E129F326EC5B20009D88D9 /* Assets.xcassets in Resources */,
				50E12A0426EC82EA009D88D9 /* MyCollectionViewCell.xib in Resources */,
				50E129F126EC5B1E009D88D9 /* Main.storyboard in Resources */,
			);
			runOnlyForDeploymentPostprocessing = 0;
		};
/* End PBXResourcesBuildPhase section */

/* Begin PBXSourcesBuildPhase section */
		50E129E226EC5B1E009D88D9 /* Sources */ = {
			isa = PBXSourcesBuildPhase;
			buildActionMask = 2147483647;
			files = (
				50E129EE26EC5B1E009D88D9 /* ViewController.swift in Sources */,
				50E129EA26EC5B1E009D88D9 /* AppDelegate.swift in Sources */,
				50E12A0326EC82EA009D88D9 /* MyCollectionViewCell.swift in Sources */,
				50E129EC26EC5B1E009D88D9 /* SceneDelegate.swift in Sources */,
			);
			runOnlyForDeploymentPostprocessing = 0;
		};
/* End PBXSourcesBuildPhase section */

/* Begin PBXVariantGroup section */
		50E129EF26EC5B1E009D88D9 /* Main.storyboard */ = {
			isa = PBXVariantGroup;
			children = (
				50E129F026EC5B1E009D88D9 /* Base */,
			);
			name = Main.storyboard;
			sourceTree = "<group>";
		};
		50E129F426EC5B20009D88D9 /* LaunchScreen.storyboard */ = {
			isa = PBXVariantGroup;
			children = (
				50E129F526EC5B20009D88D9 /* Base */,
			);
			name = LaunchScreen.storyboard;
			sourceTree = "<group>";
		};
/* End PBXVariantGroup section */

/* Begin XCBuildConfiguration section */
		50E129F826EC5B20009D88D9 /* Debug */ = {
			isa = XCBuildConfiguration;
			buildSettings = {
				ALWAYS_SEARCH_USER_PATHS = NO;
				CLANG_ANALYZER_NONNULL = YES;
				CLANG_ANALYZER_NUMBER_OBJECT_CONVERSION = YES_AGGRESSIVE;
				CLANG_CXX_LANGUAGE_STANDARD = "gnu++14";
				CLANG_CXX_LIBRARY = "libc++";
				CLANG_ENABLE_MODULES = YES;
				CLANG_ENABLE_OBJC_ARC = YES;
				CLANG_ENABLE_OBJC_WEAK = YES;
				CLANG_WARN_BLOCK_CAPTURE_AUTORELEASING = YES;
				CLANG_WARN_BOOL_CONVERSION = YES;
				CLANG_WARN_COMMA = YES;
				CLANG_WARN_CONSTANT_CONVERSION = YES;
				CLANG_WARN_DEPRECATED_OBJC_IMPLEMENTATIONS = YES;
				CLANG_WARN_DIRECT_OBJC_ISA_USAGE = YES_ERROR;
				CLANG_WARN_DOCUMENTATION_COMMENTS = YES;
				CLANG_WARN_EMPTY_BODY = YES;
				CLANG_WARN_ENUM_CONVERSION = YES;
				CLANG_WARN_INFINITE_RECURSION = YES;
				CLANG_WARN_INT_CONVERSION = YES;
				CLANG_WARN_NON_LITERAL_NULL_CONVERSION = YES;
				CLANG_WARN_OBJC_IMPLICIT_RETAIN_SELF = YES;
				CLANG_WARN_OBJC_LITERAL_CONVERSION = YES;
				CLANG_WARN_OBJC_ROOT_CLASS = YES_ERROR;
				CLANG_WARN_QUOTED_INCLUDE_IN_FRAMEWORK_HEADER = YES;
				CLANG_WARN_RANGE_LOOP_ANALYSIS = YES;
				CLANG_WARN_STRICT_PROTOTYPES = YES;
				CLANG_WARN_SUSPICIOUS_MOVE = YES;
				CLANG_WARN_UNGUARDED_AVAILABILITY = YES_AGGRESSIVE;
				CLANG_WARN_UNREACHABLE_CODE = YES;
				CLANG_WARN__DUPLICATE_METHOD_MATCH = YES;
				COPY_PHASE_STRIP = NO;
				DEBUG_INFORMATION_FORMAT = dwarf;
				ENABLE_STRICT_OBJC_MSGSEND = YES;
				ENABLE_TESTABILITY = YES;
				GCC_C_LANGUAGE_STANDARD = gnu11;
				GCC_DYNAMIC_NO_PIC = NO;
				GCC_NO_COMMON_BLOCKS = YES;
				GCC_OPTIMIZATION_LEVEL = 0;
				GCC_PREPROCESSOR_DEFINITIONS = (
					"DEBUG=1",
					"$(inherited)",
				);
				GCC_WARN_64_TO_32_BIT_CONVERSION = YES;
				GCC_WARN_ABOUT_RETURN_TYPE = YES_ERROR;
				GCC_WARN_UNDECLARED_SELECTOR = YES;
				GCC_WARN_UNINITIALIZED_AUTOS = YES_AGGRESSIVE;
				GCC_WARN_UNUSED_FUNCTION = YES;
				GCC_WARN_UNUSED_VARIABLE = YES;
				IPHONEOS_DEPLOYMENT_TARGET = 14.5;
				MTL_ENABLE_DEBUG_INFO = INCLUDE_SOURCE;
				MTL_FAST_MATH = YES;
				ONLY_ACTIVE_ARCH = YES;
				SDKROOT = iphoneos;
				SWIFT_ACTIVE_COMPILATION_CONDITIONS = DEBUG;
				SWIFT_OPTIMIZATION_LEVEL = "-Onone";
			};
			name = Debug;
		};
		50E129F926EC5B20009D88D9 /* Release */ = {
			isa = XCBuildConfiguration;
			buildSettings = {
				ALWAYS_SEARCH_USER_PATHS = NO;
				CLANG_ANALYZER_NONNULL = YES;
				CLANG_ANALYZER_NUMBER_OBJECT_CONVERSION = YES_AGGRESSIVE;
				CLANG_CXX_LANGUAGE_STANDARD = "gnu++14";
				CLANG_CXX_LIBRARY = "libc++";
				CLANG_ENABLE_MODULES = YES;
				CLANG_ENABLE_OBJC_ARC = YES;
				CLANG_ENABLE_OBJC_WEAK = YES;
				CLANG_WARN_BLOCK_CAPTURE_AUTORELEASING = YES;
				CLANG_WARN_BOOL_CONVERSION = YES;
				CLANG_WARN_COMMA = YES;
				CLANG_WARN_CONSTANT_CONVERSION = YES;
				CLANG_WARN_DEPRECATED_OBJC_IMPLEMENTATIONS = YES;
				CLANG_WARN_DIRECT_OBJC_ISA_USAGE = YES_ERROR;
				CLANG_WARN_DOCUMENTATION_COMMENTS = YES;
				CLANG_WARN_EMPTY_BODY = YES;
				CLANG_WARN_ENUM_CONVERSION = YES;
				CLANG_WARN_INFINITE_RECURSION = YES;
				CLANG_WARN_INT_CONVERSION = YES;
				CLANG_WARN_NON_LITERAL_NULL_CONVERSION = YES;
				CLANG_WARN_OBJC_IMPLICIT_RETAIN_SELF = YES;
				CLANG_WARN_OBJC_LITERAL_CONVERSION = YES;
				CLANG_WARN_OBJC_ROOT_CLASS = YES_ERROR;
				CLANG_WARN_QUOTED_INCLUDE_IN_FRAMEWORK_HEADER = YES;
				CLANG_WARN_RANGE_LOOP_ANALYSIS = YES;
				CLANG_WARN_STRICT_PROTOTYPES = YES;
				CLANG_WARN_SUSPICIOUS_MOVE = YES;
				CLANG_WARN_UNGUARDED_AVAILABILITY = YES_AGGRESSIVE;
				CLANG_WARN_UNREACHABLE_CODE = YES;
				CLANG_WARN__DUPLICATE_METHOD_MATCH = YES;
				COPY_PHASE_STRIP = NO;
				DEBUG_INFORMATION_FORMAT = "dwarf-with-dsym";
				ENABLE_NS_ASSERTIONS = NO;
				ENABLE_STRICT_OBJC_MSGSEND = YES;
				GCC_C_LANGUAGE_STANDARD = gnu11;
				GCC_NO_COMMON_BLOCKS = YES;
				GCC_WARN_64_TO_32_BIT_CONVERSION = YES;
				GCC_WARN_ABOUT_RETURN_TYPE = YES_ERROR;
				GCC_WARN_UNDECLARED_SELECTOR = YES;
				GCC_WARN_UNINITIALIZED_AUTOS = YES_AGGRESSIVE;
				GCC_WARN_UNUSED_FUNCTION = YES;
				GCC_WARN_UNUSED_VARIABLE = YES;
				IPHONEOS_DEPLOYMENT_TARGET = 14.5;
				MTL_ENABLE_DEBUG_INFO = NO;
				MTL_FAST_MATH = YES;
				SDKROOT = iphoneos;
				SWIFT_COMPILATION_MODE = wholemodule;
				SWIFT_OPTIMIZATION_LEVEL = "-O";
				VALIDATE_PRODUCT = YES;
			};
			name = Release;
		};
		50E129FB26EC5B20009D88D9 /* Debug */ = {
			isa = XCBuildConfiguration;
			buildSettings = {
				ASSETCATALOG_COMPILER_APPICON_NAME = AppIcon;
				ASSETCATALOG_COMPILER_GLOBAL_ACCENT_COLOR_NAME = AccentColor;
				CODE_SIGN_STYLE = Automatic;
				INFOPLIST_FILE = Chapter38_UICollectionView/Info.plist;
				LD_RUNPATH_SEARCH_PATHS = (
					"$(inherited)",
					"@executable_path/Frameworks",
				);
				PRODUCT_BUNDLE_IDENTIFIER = "com.google.rt-konabe.Chapter38-UICollectionView";
				PRODUCT_NAME = "$(TARGET_NAME)";
				SWIFT_VERSION = 5.0;
				TARGETED_DEVICE_FAMILY = "1,2";
			};
			name = Debug;
		};
		50E129FC26EC5B20009D88D9 /* Release */ = {
			isa = XCBuildConfiguration;
			buildSettings = {
				ASSETCATALOG_COMPILER_APPICON_NAME = AppIcon;
				ASSETCATALOG_COMPILER_GLOBAL_ACCENT_COLOR_NAME = AccentColor;
				CODE_SIGN_STYLE = Automatic;
				INFOPLIST_FILE = Chapter38_UICollectionView/Info.plist;
				LD_RUNPATH_SEARCH_PATHS = (
					"$(inherited)",
					"@executable_path/Frameworks",
				);
				PRODUCT_BUNDLE_IDENTIFIER = "com.google.rt-konabe.Chapter38-UICollectionView";
				PRODUCT_NAME = "$(TARGET_NAME)";
				SWIFT_VERSION = 5.0;
				TARGETED_DEVICE_FAMILY = "1,2";
			};
			name = Release;
		};
/* End XCBuildConfiguration section */

/* Begin XCConfigurationList section */
		50E129E126EC5B1E009D88D9 /* Build configuration list for PBXProject "Chapter38_UICollectionView" */ = {
			isa = XCConfigurationList;
			buildConfigurations = (
				50E129F826EC5B20009D88D9 /* Debug */,
				50E129F926EC5B20009D88D9 /* Release */,
			);
			defaultConfigurationIsVisible = 0;
			defaultConfigurationName = Release;
		};
		50E129FA26EC5B20009D88D9 /* Build configuration list for PBXNativeTarget "Chapter38_UICollectionView" */ = {
			isa = XCConfigurationList;
			buildConfigurations = (
				50E129FB26EC5B20009D88D9 /* Debug */,
				50E129FC26EC5B20009D88D9 /* Release */,
			);
			defaultConfigurationIsVisible = 0;
			defaultConfigurationName = Release;
		};
/* End XCConfigurationList section */
	};
	rootObject = 50E129DE26EC5B1E009D88D9 /* Project object */;
}
